// !$*UTF8*$!
{
	archiveVersion = 1;
	classes = {
	};
	objectVersion = 46;
	objects = {
/* Begin PBXBuildFile section */
		01D65B68A79142D6AC3F4FCD /* ReaderThumbsView.m in Sources */ = {isa = PBXBuildFile; fileRef = 6F25CE4BF58443CBA3DA8306 /* ReaderThumbsView.m */; };
		0207DA581B56EA530066E2B4 /* Images.xcassets in Resources */ = {isa = PBXBuildFile; fileRef = 0207DA571B56EA530066E2B4 /* Images.xcassets */; };
		0323B3D0AFCA427788474057 /* Reader-Mark-N.png in Resources */ = {isa = PBXBuildFile; fileRef = 3EAADF77D90440E08A502D95 /* Reader-Mark-N.png */; };
		07284936EE00436EAA4DC337 /* SDVReaderMainPagebar.m in Sources */ = {isa = PBXBuildFile; fileRef = 2C1CF22B431146038C3B99BB /* SDVReaderMainPagebar.m */; };
		0E922DBD53B7480D814D4D01 /* Reader-Mark-Y.png in Resources */ = {isa = PBXBuildFile; fileRef = 4F602DDD7821463B9C786A9D /* Reader-Mark-Y.png */; };
		0F9A94820AE4451BBEBBBCB1 /* unzip.c in Sources */ = {isa = PBXBuildFile; fileRef = 1B00A56A35494548A5CB29C7 /* unzip.c */; };
		136696E37952402FBA97F7BF /* aescrypt.c in Sources */ = {isa = PBXBuildFile; fileRef = FC4E08E9F93A4FCF9157B318 /* aescrypt.c */; };
		1395BDCE29A34C5D9F7D6135 /* sha1.c in Sources */ = {isa = PBXBuildFile; fileRef = EC6163504A784D9690E669C4 /* sha1.c */; };
		156CA62F55E24B098C9A1B90 /* UIKit.framework in Frameworks */ = {isa = PBXBuildFile; fileRef = 7F207938B81A4040850C2592 /* UIKit.framework */; };
		163C1C109E1A403B90501964 /* prng.c in Sources */ = {isa = PBXBuildFile; fileRef = 1AA9C93CC6624029A6CD0713 /* prng.c */; };
		17DB5515D2504B109D38014D /* SDVReader-DoublePage.png in Resources */ = {isa = PBXBuildFile; fileRef = C5AD3DDD4DC340759887000F /* SDVReader-DoublePage.png */; };
		1D3623260D0F684500981E51 /* AppDelegate.m in Sources */ = {isa = PBXBuildFile; fileRef = 1D3623250D0F684500981E51 /* AppDelegate.m */; };
		1D4CF6CC0BC143218A52DD46 /* SystemConfiguration.framework in Frameworks */ = {isa = PBXBuildFile; fileRef = 0F6A110691D54C458274A7EC /* SystemConfiguration.framework */; settings = {ATTRIBUTES = (Weak, ); }; };
		1D60589B0D05DD56006BFB54 /* main.m in Sources */ = {isa = PBXBuildFile; fileRef = 29B97316FDCFA39411CA2CEA /* main.m */; };
		21D0CD00794A469CA5DE09BE /* ReaderMainToolbar+SDVReaderMainToolbarPassThrough.m in Sources */ = {isa = PBXBuildFile; fileRef = 52A67C176C884E30A2B70355 /* ReaderMainToolbar+SDVReaderMainToolbarPassThrough.m */; };
		23F45752A1004A26ADD585D9 /* CDVFile.m in Sources */ = {isa = PBXBuildFile; fileRef = F44A617ADEB240BAA22C59D8 /* CDVFile.m */; };
		24D6D4553DDC4C8E976482EC /* Reader-Thumbs.png in Resources */ = {isa = PBXBuildFile; fileRef = AD9DD6FE77AC4879A5ECE81D /* Reader-Thumbs.png */; };
		258945ABA0E647FF931CF967 /* CDVSplashScreen.m in Sources */ = {isa = PBXBuildFile; fileRef = 7819B2C52E224CEB9A6A1C4F /* CDVSplashScreen.m */; };
		28F70AC25A1C4B78A2D7F71F /* ReaderContentTile.m in Sources */ = {isa = PBXBuildFile; fileRef = EC98912C5F7B4C659A8BF71E /* ReaderContentTile.m */; };
		2B1DB05A10E54C959CDC974F /* Reader-Mark-N@2x.png in Resources */ = {isa = PBXBuildFile; fileRef = 1709B0A2F64049A18F53DB53 /* Reader-Mark-N@2x.png */; };
		2C75691027564BF5868E68EE /* SDVReaderViewController.m in Sources */ = {isa = PBXBuildFile; fileRef = 851DCD937EAF4061873FE6F2 /* SDVReaderViewController.m */; };
		2EC28857A1924BDE96813B9C /* zip.c in Sources */ = {isa = PBXBuildFile; fileRef = 4330B44C36F84190B39BE531 /* zip.c */; };
		301BF552109A68D80062928A /* libCordova.a in Frameworks */ = {isa = PBXBuildFile; fileRef = 301BF535109A57CC0062928A /* libCordova.a */; };
		302D95F114D2391D003F00A1 /* MainViewController.m in Sources */ = {isa = PBXBuildFile; fileRef = 302D95EF14D2391D003F00A1 /* MainViewController.m */; };
		302D95F214D2391D003F00A1 /* MainViewController.xib in Resources */ = {isa = PBXBuildFile; fileRef = 302D95F014D2391D003F00A1 /* MainViewController.xib */; };
		344B7F7B24394B0CB054E187 /* Reader-Button-H@2x.png in Resources */ = {isa = PBXBuildFile; fileRef = DD113421C394413EBD085714 /* Reader-Button-H@2x.png */; };
		35DD095A73774A56BE42BE04 /* ReaderThumbRender.m in Sources */ = {isa = PBXBuildFile; fileRef = 173125F93E4C4D59BBE1B716 /* ReaderThumbRender.m */; };
		35FC55431177482E9A914E90 /* Reader-Email.png in Resources */ = {isa = PBXBuildFile; fileRef = FE94661E8D76497F92F49CB2 /* Reader-Email.png */; };
		36A9B4343CD24B9A9FD04A21 /* SSZipArchive.m in Sources */ = {isa = PBXBuildFile; fileRef = F0B7A7264EA04462971F01B4 /* SSZipArchive.m */; };
		3752D3CE9ACB4A0C9A641F2A /* MessageUI.framework in Frameworks */ = {isa = PBXBuildFile; fileRef = E7B56C6A686D40F4B1F812CA /* MessageUI.framework */; };
		3A7F1622945940A1BA0596CC /* Reader-Thumbs@2x.png in Resources */ = {isa = PBXBuildFile; fileRef = 230DC999182F40C59BBA8C1D /* Reader-Thumbs@2x.png */; };
		3EBFC287225E4777B9739C8F /* ReaderMainToolbar.m in Sources */ = {isa = PBXBuildFile; fileRef = 928D69906F774C4BAA9CACC3 /* ReaderMainToolbar.m */; };
		4234C2882997442E89876683 /* SDVReaderMainToolbar.m in Sources */ = {isa = PBXBuildFile; fileRef = 8C5F3F54B369416387688A9C /* SDVReaderMainToolbar.m */; };
		4817B81FBB6E4087A6EBC0D8 /* SitewaertsDocumentViewer.m in Sources */ = {isa = PBXBuildFile; fileRef = 2157A4745144484CB4FC1AE8 /* SitewaertsDocumentViewer.m */; };
		4E111CB062E44F55B56211A4 /* ReaderDocumentOutline.m in Sources */ = {isa = PBXBuildFile; fileRef = 8F17AE1A752444FFBA9DA137 /* ReaderDocumentOutline.m */; };
		5066FA851EFD4DB7B889AF4B /* CDVConnection.m in Sources */ = {isa = PBXBuildFile; fileRef = CBE8ED2A75ED498AB0E8E381 /* CDVConnection.m */; };
		52A49BA098854B2ABDDB49B0 /* ReaderThumbView.m in Sources */ = {isa = PBXBuildFile; fileRef = CD8D069174C54204A8DF5E31 /* ReaderThumbView.m */; };
		52CDA21CD97B4D00B987E7FC /* IonicKeyboard.m in Sources */ = {isa = PBXBuildFile; fileRef = 787799E5263547D98321A46E /* IonicKeyboard.m */; };
		55DEB904F1244863B38E0D53 /* CDVStatusBar.m in Sources */ = {isa = PBXBuildFile; fileRef = 31F13C7E8F9645ACAF257C23 /* CDVStatusBar.m */; };
		56D7BE94439343A9B2601159 /* SDVReader-Outline@2x.png in Resources */ = {isa = PBXBuildFile; fileRef = 0E269B8E19F945698FA716FF /* SDVReader-Outline@2x.png */; };
		5E7934DB1BD34BE9B4FE7238 /* Reader-Export@2x.png in Resources */ = {isa = PBXBuildFile; fileRef = 01D09235528A4171827E87EC /* Reader-Export@2x.png */; };
		60CCE1FCEECA4907B4E10721 /* ReaderThumbFetch.m in Sources */ = {isa = PBXBuildFile; fileRef = 16F3F38E0530455BB371ED38 /* ReaderThumbFetch.m */; };
		60F51CB93D7147FDB5FC3B2A /* Default-568h@2x.png in Resources */ = {isa = PBXBuildFile; fileRef = C049D4F720EA406A9D7B917A /* Default-568h@2x.png */; };
		628CA28750A648E2B7D675BE /* Reader-Email@2x.png in Resources */ = {isa = PBXBuildFile; fileRef = B9BA713018F64CCD81D39A20 /* Reader-Email@2x.png */; };
		6323A16D3F34475D80ADCC7E /* ioapi.c in Sources */ = {isa = PBXBuildFile; fileRef = 0632890858D94E0EA2507B83 /* ioapi.c */; };
		69FF6ED460BB48949AAD3412 /* SDVReader-Outline.png in Resources */ = {isa = PBXBuildFile; fileRef = 82EEC47DA176405C9AE5F985 /* SDVReader-Outline.png */; };
		6AFF5BF91D6E424B00AB3073 /* CDVLaunchScreen.storyboard in Resources */ = {isa = PBXBuildFile; fileRef = 6AFF5BF81D6E424B00AB3073 /* CDVLaunchScreen.storyboard */; };
		6D6C2CED932241F5AA41AC27 /* ReaderThumbRequest.m in Sources */ = {isa = PBXBuildFile; fileRef = 982AF1EDFB2D40FCA8317652 /* ReaderThumbRequest.m */; };
		6FF49150194248E384AB9F0D /* ThumbsViewController.m in Sources */ = {isa = PBXBuildFile; fileRef = 322E19B244C64AB48F7FCE99 /* ThumbsViewController.m */; };
		723CCE78D3504A629366C615 /* hmac.c in Sources */ = {isa = PBXBuildFile; fileRef = 19806939BAE6488CA85D748B /* hmac.c */; };
		759D7805A1B74779B20E3EA2 /* ReaderContentView.m in Sources */ = {isa = PBXBuildFile; fileRef = 35A919A7D3E3476F8374376F /* ReaderContentView.m */; };
		765845B49FE94548A8952B80 /* SDVReader-DoublePage@2x.png in Resources */ = {isa = PBXBuildFile; fileRef = 5248DA4099F4432A990A4AD4 /* SDVReader-DoublePage@2x.png */; };
		837520AAFF414D02A2C17A04 /* aeskey.c in Sources */ = {isa = PBXBuildFile; fileRef = 46E6B7732BDD4DAEB4E588F1 /* aeskey.c */; };
		8407AE32FB5A4477877F155C /* Reader-Print.png in Resources */ = {isa = PBXBuildFile; fileRef = DF9ECEB34E9141E39A7849E5 /* Reader-Print.png */; };
		86B4340309C949A79597476F /* SDVReader-SinglePage@2x.png in Resources */ = {isa = PBXBuildFile; fileRef = E4E9B151E6744E2EBDE64A66 /* SDVReader-SinglePage@2x.png */; };
		86E93E6CB4454E1C95C3829F /* ReaderThumbCache.m in Sources */ = {isa = PBXBuildFile; fileRef = F5C8E286BCC0458EA2546168 /* ReaderThumbCache.m */; };
		899816A5B35744668BF46D69 /* Reader-Button-N@2x.png in Resources */ = {isa = PBXBuildFile; fileRef = C7019E8198FD4C8C9C2774D6 /* Reader-Button-N@2x.png */; };
		899E405CB638435F994D2273 /* aestab.c in Sources */ = {isa = PBXBuildFile; fileRef = 9E314AF488C54D138F77994C /* aestab.c */; };
		8A4C66D1494C48FA99D4DC44 /* fileenc.c in Sources */ = {isa = PBXBuildFile; fileRef = D8BA6FFE8FFE4C0F87B0C474 /* fileenc.c */; };
		8F6D49059CEF4A9BA1D90CC2 /* CDVViewController+SplashScreen.m in Sources */ = {isa = PBXBuildFile; fileRef = 6EC93B0C66F44F82A741924E /* CDVViewController+SplashScreen.m */; };
		9203B9277DA946658FFC16E7 /* CDVDevice.m in Sources */ = {isa = PBXBuildFile; fileRef = 69DEFAF2D28D4CCDBF1845A3 /* CDVDevice.m */; };
		928812DAB0EA41EEBAD32AF2 /* CGPDFDocument.m in Sources */ = {isa = PBXBuildFile; fileRef = 7BD5763BE089472897929D55 /* CGPDFDocument.m */; };
		9339F869AA1E4527A6D11795 /* ZipPlugin.m in Sources */ = {isa = PBXBuildFile; fileRef = 82DE05BC1D7D436FA03113B1 /* ZipPlugin.m */; };
		9989704E2B234D8D930738E9 /* CDVFileTransfer.m in Sources */ = {isa = PBXBuildFile; fileRef = FE4C19329F00471BB887BBA2 /* CDVFileTransfer.m */; };
		9C06DA44FA7343B1BD8EAC06 /* Reader-Print@2x.png in Resources */ = {isa = PBXBuildFile; fileRef = D9B30C660C3049BD9D5FB39D /* Reader-Print@2x.png */; };
		9DBFE8E77CC14EEABB7DB7C8 /* CDVLocalFilesystem.m in Sources */ = {isa = PBXBuildFile; fileRef = 339EAACB4A324D07B2567D30 /* CDVLocalFilesystem.m */; };
		9ED89781F8C04F4D94C5549A /* libz.dylib in Frameworks */ = {isa = PBXBuildFile; fileRef = 54A43005D31B47C8B4A09327 /* libz.dylib */; };
		9FB50DD4F8C74C60A52842C3 /* libz.tbd in Frameworks */ = {isa = PBXBuildFile; fileRef = DE61824479DA4E19B597C645 /* libz.tbd */; };
		A3D072423C164D4FA29EC1CF /* Reader-Mark-Y@2x.png in Resources */ = {isa = PBXBuildFile; fileRef = 76C419C8E9624F03A6DD499F /* Reader-Mark-Y@2x.png */; };
		A54FCD9908FF49C4BBE4DD37 /* pwd2key.c in Sources */ = {isa = PBXBuildFile; fileRef = C1E15E0B71A24E89A8266549 /* pwd2key.c */; };
		A65215FA859A4F07B916A35F /* CDVAssetLibraryFilesystem.m in Sources */ = {isa = PBXBuildFile; fileRef = C48404CF983F4D83B86076AC /* CDVAssetLibraryFilesystem.m */; };
		A79F97F54483497EBE43B63E /* ReaderThumbQueue.m in Sources */ = {isa = PBXBuildFile; fileRef = 4E686ADC98BA4DD68B773AFC /* ReaderThumbQueue.m */; };
		A8A7410B84B74B239E00AAE6 /* ReaderDocument.m in Sources */ = {isa = PBXBuildFile; fileRef = EF71611A1AAB4A3CAF71ED8A /* ReaderDocument.m */; };
		AC00E0C6807B43A68568C4E6 /* CoreTelephony.framework in Frameworks */ = {isa = PBXBuildFile; fileRef = 923FF8B5FDF5488EB78F2F57 /* CoreTelephony.framework */; };
		ADA1AB7F04284AAEB5343F40 /* entropy.c in Sources */ = {isa = PBXBuildFile; fileRef = 9E6AF3F817A146F4A680612A /* entropy.c */; };
		B08B1321D9E44868ACFD9DF8 /* ReaderViewController.m in Sources */ = {isa = PBXBuildFile; fileRef = 845925BACE024840A68B16C0 /* ReaderViewController.m */; };
		B12C25D3B9664F3FAB8A7528 /* ThumbsViewController+SDVThumbsViewControllerPassThrough.m in Sources */ = {isa = PBXBuildFile; fileRef = F57C80CDD73E4E50BFE0A31A /* ThumbsViewController+SDVThumbsViewControllerPassThrough.m */; };
		B24ED013D1CB4B259BAE692D /* ReaderConstants.m in Sources */ = {isa = PBXBuildFile; fileRef = 6C60DE9A5EB94289AEFF1193 /* ReaderConstants.m */; };
		B803CC059E874F9A9C158D33 /* ReaderViewController+SDVReaderViewControllerPassThrough.m in Sources */ = {isa = PBXBuildFile; fileRef = C588B312E7AC4A9BB8395C94 /* ReaderViewController+SDVReaderViewControllerPassThrough.m */; };
		B9296FCB60484372BE87B2B5 /* ImageIO.framework in Frameworks */ = {isa = PBXBuildFile; fileRef = FAEDA8491CEA4FFC9187EA93 /* ImageIO.framework */; };
		B9F3293F06E04DD599702AC8 /* ReaderMainPagebar.m in Sources */ = {isa = PBXBuildFile; fileRef = B7B2887CAA254CF59A5290EC /* ReaderMainPagebar.m */; };
		BAB4E8A6F7304C629BA339C3 /* UIXToolbarView.m in Sources */ = {isa = PBXBuildFile; fileRef = D7DA6557B4094C5E8ACA782F /* UIXToolbarView.m */; };
		BAD1AC3717B0406F9C246390 /* QuartzCore.framework in Frameworks */ = {isa = PBXBuildFile; fileRef = 9D63AC9E55D645F89E174D5B /* QuartzCore.framework */; };
		BB783ABE3B174F6B8040CC90 /* ReaderContentPage.m in Sources */ = {isa = PBXBuildFile; fileRef = 6A0A5DE92C0F4F14A5E568F2 /* ReaderContentPage.m */; };
		BE8D34106BEA43B3BB85EB81 /* CDVReachability.m in Sources */ = {isa = PBXBuildFile; fileRef = 92FA78C9D03E4C319F9509FD /* CDVReachability.m */; };
		C0E5309010144863A5242B9E /* SDVReader-CoverPage.png in Resources */ = {isa = PBXBuildFile; fileRef = 68D81D39227647178844ADAF /* SDVReader-CoverPage.png */; };
		C7BAA5EFD4664B438ECC3357 /* ThumbsMainToolbar.m in Sources */ = {isa = PBXBuildFile; fileRef = E0481E8B51A34068AD0F41AC /* ThumbsMainToolbar.m */; };
		C94A130418A745AA89A0E166 /* Reader-Button-N.png in Resources */ = {isa = PBXBuildFile; fileRef = 9B2952E4FC334A3098FFC58F /* Reader-Button-N.png */; };
		CB122735A971462FA8C6ACC4 /* Reader-Export.png in Resources */ = {isa = PBXBuildFile; fileRef = 0043164D9A0E4E748FC2B57F /* Reader-Export.png */; };
		D4F3DCECF746422890E649C7 /* SDVThumbsMainToolbar.m in Sources */ = {isa = PBXBuildFile; fileRef = 002CEC8D85F244F0838CD755 /* SDVThumbsMainToolbar.m */; };
		DA8F9CC963D5496DABD2913F /* mztools.c in Sources */ = {isa = PBXBuildFile; fileRef = 1774B4BDFB3641E0BADF5250 /* mztools.c */; };
		DD60A70143964D19907CBB77 /* SDVReader-CoverPage@2x.png in Resources */ = {isa = PBXBuildFile; fileRef = CB6DC07FCA0C4E1597211EF1 /* SDVReader-CoverPage@2x.png */; };
		E1466926230440F49AEC5DB8 /* SDVReader-SinglePage.png in Resources */ = {isa = PBXBuildFile; fileRef = 367024A9CF404934973DEE5F /* SDVReader-SinglePage.png */; };
		E3193B63F3C946FB8C0F2FCB /* SDVThumbsViewController.m in Sources */ = {isa = PBXBuildFile; fileRef = 4F0B3F3179FC4F90A9206997 /* SDVThumbsViewController.m */; };
		E95481731B024B48950A8F83 /* SDVReaderContentViewDoublePage.m in Sources */ = {isa = PBXBuildFile; fileRef = 095DBDD518284A809B85FC30 /* SDVReaderContentViewDoublePage.m */; };
		EA430693C0EB401C9B86F402 /* Reader-Button-H.png in Resources */ = {isa = PBXBuildFile; fileRef = 5FF3A0B125454CD59A08CE0A /* Reader-Button-H.png */; };
		FDBED8A451FD45E39911FF45 /* ThumbsMainToolbar+SDVThumbsMainToolbarPassThrough.m in Sources */ = {isa = PBXBuildFile; fileRef = 1FF6A2277F194118BD3A3FA0 /* ThumbsMainToolbar+SDVThumbsMainToolbarPassThrough.m */; };
		FE382E1B61D5408BA076D92F /* Foundation.framework in Frameworks */ = {isa = PBXBuildFile; fileRef = C13F96F86DE043909A1ECFDE /* Foundation.framework */; };
/* End PBXBuildFile section */

/* Begin PBXContainerItemProxy section */
		301BF534109A57CC0062928A /* PBXContainerItemProxy */ = {
			isa = PBXContainerItemProxy;
			containerPortal = 301BF52D109A57CC0062928A /* CordovaLib/CordovaLib.xcodeproj */;
			proxyType = 2;
			remoteGlobalIDString = D2AAC07E0554694100DB518D;
			remoteInfo = CordovaLib;
		};
		301BF550109A68C00062928A /* PBXContainerItemProxy */ = {
			isa = PBXContainerItemProxy;
			containerPortal = 301BF52D109A57CC0062928A /* CordovaLib/CordovaLib.xcodeproj */;
			proxyType = 1;
			remoteGlobalIDString = D2AAC07D0554694100DB518D;
			remoteInfo = CordovaLib;
		};
		79D9EC192196253800229D29 /* PBXContainerItemProxy */ = {
			isa = PBXContainerItemProxy;
			containerPortal = 301BF52D109A57CC0062928A /* CordovaLib/CordovaLib.xcodeproj */;
			proxyType = 2;
			remoteGlobalIDString = C0C01EB21E3911D50056E6CB;
			remoteInfo = Cordova;
		};
/* End PBXContainerItemProxy section */

/* Begin PBXFileReference section */
		000E705DB0794F3AAF91E947 /* ReaderContentPage.h */ = {isa = PBXFileReference; explicitFileType = undefined; fileEncoding = 4; includeInIndex = 0; lastKnownFileType = sourcecode.c.h; name = ReaderContentPage.h; path = "cordova-plugin-document-viewer/ReaderContentPage.h"; sourceTree = "<group>"; };
		002CEC8D85F244F0838CD755 /* SDVThumbsMainToolbar.m */ = {isa = PBXFileReference; explicitFileType = undefined; fileEncoding = 4; includeInIndex = 0; lastKnownFileType = sourcecode.c.objc; name = SDVThumbsMainToolbar.m; path = "cordova-plugin-document-viewer/SDVThumbsMainToolbar.m"; sourceTree = "<group>"; };
		0043164D9A0E4E748FC2B57F /* Reader-Export.png */ = {isa = PBXFileReference; explicitFileType = undefined; fileEncoding = 9; includeInIndex = 0; lastKnownFileType = unknown; path = "Reader-Export.png"; sourceTree = "<group>"; };
		01D09235528A4171827E87EC /* Reader-Export@2x.png */ = {isa = PBXFileReference; explicitFileType = undefined; fileEncoding = 9; includeInIndex = 0; lastKnownFileType = unknown; path = "Reader-Export@2x.png"; sourceTree = "<group>"; };
		0207DA571B56EA530066E2B4 /* Images.xcassets */ = {isa = PBXFileReference; lastKnownFileType = folder.assetcatalog; name = Images.xcassets; path = "csps-e-course/Images.xcassets"; sourceTree = SOURCE_ROOT; };
		0319B362373246DD86A1F436 /* mztools.h */ = {isa = PBXFileReference; explicitFileType = undefined; fileEncoding = 4; includeInIndex = 0; lastKnownFileType = sourcecode.c.h; name = mztools.h; path = "cordova-plugin-zip/Plugins/minizip/mztools.h"; sourceTree = "<group>"; };
		04B8E3AB1D754D9F8242D705 /* ZipPlugin.h */ = {isa = PBXFileReference; explicitFileType = undefined; fileEncoding = 4; includeInIndex = 0; lastKnownFileType = sourcecode.c.h; name = ZipPlugin.h; path = "cordova-plugin-zip/ZipPlugin.h"; sourceTree = "<group>"; };
		06202B19C0C54C7A8470326D /* aesopt.h */ = {isa = PBXFileReference; explicitFileType = undefined; fileEncoding = 4; includeInIndex = 0; lastKnownFileType = sourcecode.c.h; name = aesopt.h; path = "cordova-plugin-zip/Plugins/aes/aesopt.h"; sourceTree = "<group>"; };
		0632890858D94E0EA2507B83 /* ioapi.c */ = {isa = PBXFileReference; explicitFileType = undefined; fileEncoding = 9; includeInIndex = 0; lastKnownFileType = unknown; name = ioapi.c; path = "cordova-plugin-zip/Plugins/minizip/ioapi.c"; sourceTree = "<group>"; };
		095DBDD518284A809B85FC30 /* SDVReaderContentViewDoublePage.m */ = {isa = PBXFileReference; explicitFileType = undefined; fileEncoding = 4; includeInIndex = 0; lastKnownFileType = sourcecode.c.objc; name = SDVReaderContentViewDoublePage.m; path = "cordova-plugin-document-viewer/SDVReaderContentViewDoublePage.m"; sourceTree = "<group>"; };
		0C66B378AE3E42E282F0DFE5 /* SSZipArchive.h */ = {isa = PBXFileReference; explicitFileType = undefined; fileEncoding = 4; includeInIndex = 0; lastKnownFileType = sourcecode.c.h; name = SSZipArchive.h; path = "cordova-plugin-zip/Plugins/minizip/SSZipArchive.h"; sourceTree = "<group>"; };
		0E269B8E19F945698FA716FF /* SDVReader-Outline@2x.png */ = {isa = PBXFileReference; explicitFileType = undefined; fileEncoding = 9; includeInIndex = 0; lastKnownFileType = unknown; path = "SDVReader-Outline@2x.png"; sourceTree = "<group>"; };
		0F43A967FA4048978ED04830 /* ReaderThumbView.h */ = {isa = PBXFileReference; explicitFileType = undefined; fileEncoding = 4; includeInIndex = 0; lastKnownFileType = sourcecode.c.h; name = ReaderThumbView.h; path = "cordova-plugin-document-viewer/ReaderThumbView.h"; sourceTree = "<group>"; };
		0F6A110691D54C458274A7EC /* SystemConfiguration.framework */ = {isa = PBXFileReference; explicitFileType = undefined; fileEncoding = 9; includeInIndex = 0; lastKnownFileType = wrapper.framework; name = SystemConfiguration.framework; path = System/Library/Frameworks/SystemConfiguration.framework; sourceTree = SDKROOT; };
		10281FC6164541FEA96C710E /* Common.h */ = {isa = PBXFileReference; explicitFileType = undefined; fileEncoding = 4; includeInIndex = 0; lastKnownFileType = sourcecode.c.h; name = Common.h; path = "cordova-plugin-zip/Common.h"; sourceTree = "<group>"; };
		161B6A9F0C934F1CA4C85BE5 /* SDVReaderMainToolbar.h */ = {isa = PBXFileReference; explicitFileType = undefined; fileEncoding = 4; includeInIndex = 0; lastKnownFileType = sourcecode.c.h; name = SDVReaderMainToolbar.h; path = "cordova-plugin-document-viewer/SDVReaderMainToolbar.h"; sourceTree = "<group>"; };
		16F3F38E0530455BB371ED38 /* ReaderThumbFetch.m */ = {isa = PBXFileReference; explicitFileType = undefined; fileEncoding = 4; includeInIndex = 0; lastKnownFileType = sourcecode.c.objc; name = ReaderThumbFetch.m; path = "cordova-plugin-document-viewer/ReaderThumbFetch.m"; sourceTree = "<group>"; };
		1709B0A2F64049A18F53DB53 /* Reader-Mark-N@2x.png */ = {isa = PBXFileReference; explicitFileType = undefined; fileEncoding = 9; includeInIndex = 0; lastKnownFileType = unknown; path = "Reader-Mark-N@2x.png"; sourceTree = "<group>"; };
		173125F93E4C4D59BBE1B716 /* ReaderThumbRender.m */ = {isa = PBXFileReference; explicitFileType = undefined; fileEncoding = 4; includeInIndex = 0; lastKnownFileType = sourcecode.c.objc; name = ReaderThumbRender.m; path = "cordova-plugin-document-viewer/ReaderThumbRender.m"; sourceTree = "<group>"; };
		1774B4BDFB3641E0BADF5250 /* mztools.c */ = {isa = PBXFileReference; explicitFileType = undefined; fileEncoding = 9; includeInIndex = 0; lastKnownFileType = unknown; name = mztools.c; path = "cordova-plugin-zip/Plugins/minizip/mztools.c"; sourceTree = "<group>"; };
		19806939BAE6488CA85D748B /* hmac.c */ = {isa = PBXFileReference; explicitFileType = undefined; fileEncoding = 9; includeInIndex = 0; lastKnownFileType = unknown; name = hmac.c; path = "cordova-plugin-zip/Plugins/aes/hmac.c"; sourceTree = "<group>"; };
		1AA9C93CC6624029A6CD0713 /* prng.c */ = {isa = PBXFileReference; explicitFileType = undefined; fileEncoding = 9; includeInIndex = 0; lastKnownFileType = unknown; name = prng.c; path = "cordova-plugin-zip/Plugins/aes/prng.c"; sourceTree = "<group>"; };
		1B00A56A35494548A5CB29C7 /* unzip.c */ = {isa = PBXFileReference; explicitFileType = undefined; fileEncoding = 9; includeInIndex = 0; lastKnownFileType = unknown; name = unzip.c; path = "cordova-plugin-zip/Plugins/minizip/unzip.c"; sourceTree = "<group>"; };
		1B3F164F598A4424AF36248F /* ReaderConstants.h */ = {isa = PBXFileReference; explicitFileType = undefined; fileEncoding = 4; includeInIndex = 0; lastKnownFileType = sourcecode.c.h; name = ReaderConstants.h; path = "cordova-plugin-document-viewer/ReaderConstants.h"; sourceTree = "<group>"; };
		1D3623240D0F684500981E51 /* AppDelegate.h */ = {isa = PBXFileReference; fileEncoding = 4; lastKnownFileType = sourcecode.c.h; path = AppDelegate.h; sourceTree = "<group>"; };
		1D3623250D0F684500981E51 /* AppDelegate.m */ = {isa = PBXFileReference; fileEncoding = 4; lastKnownFileType = sourcecode.c.objc; path = AppDelegate.m; sourceTree = "<group>"; };
		1D6058910D05DD3D006BFB54 /* csps-e-course.app */ = {isa = PBXFileReference; explicitFileType = wrapper.application; includeInIndex = 0; path = "csps-e-course.app"; sourceTree = BUILT_PRODUCTS_DIR; };
		1EF9F3EC076C464FA3E8370C /* prng.h */ = {isa = PBXFileReference; explicitFileType = undefined; fileEncoding = 4; includeInIndex = 0; lastKnownFileType = sourcecode.c.h; name = prng.h; path = "cordova-plugin-zip/Plugins/aes/prng.h"; sourceTree = "<group>"; };
		1FF6A2277F194118BD3A3FA0 /* ThumbsMainToolbar+SDVThumbsMainToolbarPassThrough.m */ = {isa = PBXFileReference; explicitFileType = undefined; fileEncoding = 4; includeInIndex = 0; lastKnownFileType = sourcecode.c.objc; name = "ThumbsMainToolbar+SDVThumbsMainToolbarPassThrough.m"; path = "cordova-plugin-document-viewer/ThumbsMainToolbar+SDVThumbsMainToolbarPassThrough.m"; sourceTree = "<group>"; };
		2157A4745144484CB4FC1AE8 /* SitewaertsDocumentViewer.m */ = {isa = PBXFileReference; explicitFileType = undefined; fileEncoding = 4; includeInIndex = 0; lastKnownFileType = sourcecode.c.objc; name = SitewaertsDocumentViewer.m; path = "cordova-plugin-document-viewer/SitewaertsDocumentViewer.m"; sourceTree = "<group>"; };
		230DC999182F40C59BBA8C1D /* Reader-Thumbs@2x.png */ = {isa = PBXFileReference; explicitFileType = undefined; fileEncoding = 9; includeInIndex = 0; lastKnownFileType = unknown; path = "Reader-Thumbs@2x.png"; sourceTree = "<group>"; };
		2449062DE3F948A98BDDEAE7 /* pwd2key.h */ = {isa = PBXFileReference; explicitFileType = undefined; fileEncoding = 4; includeInIndex = 0; lastKnownFileType = sourcecode.c.h; name = pwd2key.h; path = "cordova-plugin-zip/Plugins/aes/pwd2key.h"; sourceTree = "<group>"; };
		2546FD52514D4EFC9D1BE01E /* IonicKeyboard.h */ = {isa = PBXFileReference; explicitFileType = undefined; fileEncoding = 4; includeInIndex = 0; lastKnownFileType = sourcecode.c.h; name = IonicKeyboard.h; path = "ionic-plugin-keyboard/IonicKeyboard.h"; sourceTree = "<group>"; };
		269D49E1780D407E92FCA17A /* ReaderThumbFetch.h */ = {isa = PBXFileReference; explicitFileType = undefined; fileEncoding = 4; includeInIndex = 0; lastKnownFileType = sourcecode.c.h; name = ReaderThumbFetch.h; path = "cordova-plugin-document-viewer/ReaderThumbFetch.h"; sourceTree = "<group>"; };
		28CFA55C6E7D4DF0BB871855 /* sha1.h */ = {isa = PBXFileReference; explicitFileType = undefined; fileEncoding = 4; includeInIndex = 0; lastKnownFileType = sourcecode.c.h; name = sha1.h; path = "cordova-plugin-zip/Plugins/aes/sha1.h"; sourceTree = "<group>"; };
		29B97316FDCFA39411CA2CEA /* main.m */ = {isa = PBXFileReference; fileEncoding = 4; lastKnownFileType = sourcecode.c.objc; path = main.m; sourceTree = "<group>"; };
		2C1CF22B431146038C3B99BB /* SDVReaderMainPagebar.m */ = {isa = PBXFileReference; explicitFileType = undefined; fileEncoding = 4; includeInIndex = 0; lastKnownFileType = sourcecode.c.objc; name = SDVReaderMainPagebar.m; path = "cordova-plugin-document-viewer/SDVReaderMainPagebar.m"; sourceTree = "<group>"; };
		301BF52D109A57CC0062928A /* CordovaLib/CordovaLib.xcodeproj */ = {isa = PBXFileReference; lastKnownFileType = "wrapper.pb-project"; path = CordovaLib/CordovaLib.xcodeproj; sourceTree = "<group>"; };
		301BF56E109A69640062928A /* www */ = {isa = PBXFileReference; lastKnownFileType = folder; path = www; sourceTree = SOURCE_ROOT; };
		302D95EE14D2391D003F00A1 /* MainViewController.h */ = {isa = PBXFileReference; fileEncoding = 4; lastKnownFileType = sourcecode.c.h; path = MainViewController.h; sourceTree = "<group>"; };
		302D95EF14D2391D003F00A1 /* MainViewController.m */ = {isa = PBXFileReference; fileEncoding = 4; lastKnownFileType = sourcecode.c.objc; path = MainViewController.m; sourceTree = "<group>"; };
		302D95F014D2391D003F00A1 /* MainViewController.xib */ = {isa = PBXFileReference; fileEncoding = 4; lastKnownFileType = file.xib; path = MainViewController.xib; sourceTree = "<group>"; };
		3044FD087FBC4098B873691A /* CDVAssetLibraryFilesystem.h */ = {isa = PBXFileReference; explicitFileType = undefined; fileEncoding = 4; includeInIndex = 0; lastKnownFileType = sourcecode.c.h; name = CDVAssetLibraryFilesystem.h; path = "cordova-plugin-file/CDVAssetLibraryFilesystem.h"; sourceTree = "<group>"; };
		3047A50F1AB8059700498E2A /* build-debug.xcconfig */ = {isa = PBXFileReference; fileEncoding = 4; lastKnownFileType = text.xcconfig; name = "build-debug.xcconfig"; path = "cordova/build-debug.xcconfig"; sourceTree = SOURCE_ROOT; };
		3047A5101AB8059700498E2A /* build-release.xcconfig */ = {isa = PBXFileReference; fileEncoding = 4; lastKnownFileType = text.xcconfig; name = "build-release.xcconfig"; path = "cordova/build-release.xcconfig"; sourceTree = SOURCE_ROOT; };
		3047A5111AB8059700498E2A /* build.xcconfig */ = {isa = PBXFileReference; fileEncoding = 4; lastKnownFileType = text.xcconfig; name = build.xcconfig; path = cordova/build.xcconfig; sourceTree = SOURCE_ROOT; };
		31F13C7E8F9645ACAF257C23 /* CDVStatusBar.m */ = {isa = PBXFileReference; explicitFileType = undefined; fileEncoding = 4; includeInIndex = 0; lastKnownFileType = sourcecode.c.objc; name = CDVStatusBar.m; path = "cordova-plugin-statusbar/CDVStatusBar.m"; sourceTree = "<group>"; };
		322E19B244C64AB48F7FCE99 /* ThumbsViewController.m */ = {isa = PBXFileReference; explicitFileType = undefined; fileEncoding = 4; includeInIndex = 0; lastKnownFileType = sourcecode.c.objc; name = ThumbsViewController.m; path = "cordova-plugin-document-viewer/ThumbsViewController.m"; sourceTree = "<group>"; };
		322F829023404518A08E19BF /* CDVStatusBar.h */ = {isa = PBXFileReference; explicitFileType = undefined; fileEncoding = 4; includeInIndex = 0; lastKnownFileType = sourcecode.c.h; name = CDVStatusBar.h; path = "cordova-plugin-statusbar/CDVStatusBar.h"; sourceTree = "<group>"; };
		32CA4F630368D1EE00C91783 /* csps-e-course-Prefix.pch */ = {isa = PBXFileReference; fileEncoding = 4; lastKnownFileType = sourcecode.c.h; path = "csps-e-course-Prefix.pch"; sourceTree = "<group>"; };
		339EAACB4A324D07B2567D30 /* CDVLocalFilesystem.m */ = {isa = PBXFileReference; explicitFileType = undefined; fileEncoding = 4; includeInIndex = 0; lastKnownFileType = sourcecode.c.objc; name = CDVLocalFilesystem.m; path = "cordova-plugin-file/CDVLocalFilesystem.m"; sourceTree = "<group>"; };
		35A919A7D3E3476F8374376F /* ReaderContentView.m */ = {isa = PBXFileReference; explicitFileType = undefined; fileEncoding = 4; includeInIndex = 0; lastKnownFileType = sourcecode.c.objc; name = ReaderContentView.m; path = "cordova-plugin-document-viewer/ReaderContentView.m"; sourceTree = "<group>"; };
		365E40C179C54BE1B8520C20 /* brg_endian.h */ = {isa = PBXFileReference; explicitFileType = undefined; fileEncoding = 4; includeInIndex = 0; lastKnownFileType = sourcecode.c.h; name = brg_endian.h; path = "cordova-plugin-zip/Plugins/aes/brg_endian.h"; sourceTree = "<group>"; };
		367024A9CF404934973DEE5F /* SDVReader-SinglePage.png */ = {isa = PBXFileReference; explicitFileType = undefined; fileEncoding = 9; includeInIndex = 0; lastKnownFileType = unknown; path = "SDVReader-SinglePage.png"; sourceTree = "<group>"; };
		3A3CED2FC7FB45D6B011E2A9 /* ReaderThumbRender.h */ = {isa = PBXFileReference; explicitFileType = undefined; fileEncoding = 4; includeInIndex = 0; lastKnownFileType = sourcecode.c.h; name = ReaderThumbRender.h; path = "cordova-plugin-document-viewer/ReaderThumbRender.h"; sourceTree = "<group>"; };
		3DE9A1E512614422A6FE7162 /* CDVConnection.h */ = {isa = PBXFileReference; explicitFileType = undefined; fileEncoding = 4; includeInIndex = 0; lastKnownFileType = sourcecode.c.h; name = CDVConnection.h; path = "cordova-plugin-network-information/CDVConnection.h"; sourceTree = "<group>"; };
		3EAADF77D90440E08A502D95 /* Reader-Mark-N.png */ = {isa = PBXFileReference; explicitFileType = undefined; fileEncoding = 9; includeInIndex = 0; lastKnownFileType = unknown; path = "Reader-Mark-N.png"; sourceTree = "<group>"; };
		3FC0397EB0FC452EB17383F8 /* unzip.h */ = {isa = PBXFileReference; explicitFileType = undefined; fileEncoding = 4; includeInIndex = 0; lastKnownFileType = sourcecode.c.h; name = unzip.h; path = "cordova-plugin-zip/Plugins/minizip/unzip.h"; sourceTree = "<group>"; };
		4330B44C36F84190B39BE531 /* zip.c */ = {isa = PBXFileReference; explicitFileType = undefined; fileEncoding = 9; includeInIndex = 0; lastKnownFileType = unknown; name = zip.c; path = "cordova-plugin-zip/Plugins/minizip/zip.c"; sourceTree = "<group>"; };
		435BA6C547FA48CAB7C892C2 /* ReaderDocumentOutline.h */ = {isa = PBXFileReference; explicitFileType = undefined; fileEncoding = 4; includeInIndex = 0; lastKnownFileType = sourcecode.c.h; name = ReaderDocumentOutline.h; path = "cordova-plugin-document-viewer/ReaderDocumentOutline.h"; sourceTree = "<group>"; };
		46504CBCD92141E3ADF902A0 /* ReaderDocument.h */ = {isa = PBXFileReference; explicitFileType = undefined; fileEncoding = 4; includeInIndex = 0; lastKnownFileType = sourcecode.c.h; name = ReaderDocument.h; path = "cordova-plugin-document-viewer/ReaderDocument.h"; sourceTree = "<group>"; };
		46E6B7732BDD4DAEB4E588F1 /* aeskey.c */ = {isa = PBXFileReference; explicitFileType = undefined; fileEncoding = 9; includeInIndex = 0; lastKnownFileType = unknown; name = aeskey.c; path = "cordova-plugin-zip/Plugins/aes/aeskey.c"; sourceTree = "<group>"; };
		4E686ADC98BA4DD68B773AFC /* ReaderThumbQueue.m */ = {isa = PBXFileReference; explicitFileType = undefined; fileEncoding = 4; includeInIndex = 0; lastKnownFileType = sourcecode.c.objc; name = ReaderThumbQueue.m; path = "cordova-plugin-document-viewer/ReaderThumbQueue.m"; sourceTree = "<group>"; };
		4F0B3F3179FC4F90A9206997 /* SDVThumbsViewController.m */ = {isa = PBXFileReference; explicitFileType = undefined; fileEncoding = 4; includeInIndex = 0; lastKnownFileType = sourcecode.c.objc; name = SDVThumbsViewController.m; path = "cordova-plugin-document-viewer/SDVThumbsViewController.m"; sourceTree = "<group>"; };
		4F602DDD7821463B9C786A9D /* Reader-Mark-Y.png */ = {isa = PBXFileReference; explicitFileType = undefined; fileEncoding = 9; includeInIndex = 0; lastKnownFileType = unknown; path = "Reader-Mark-Y.png"; sourceTree = "<group>"; };
		5047DC56F9EC43C181E08ECF /* ReaderMainToolbar+SDVReaderMainToolbarPassThrough.h */ = {isa = PBXFileReference; explicitFileType = undefined; fileEncoding = 4; includeInIndex = 0; lastKnownFileType = sourcecode.c.h; name = "ReaderMainToolbar+SDVReaderMainToolbarPassThrough.h"; path = "cordova-plugin-document-viewer/ReaderMainToolbar+SDVReaderMainToolbarPassThrough.h"; sourceTree = "<group>"; };
		5248DA4099F4432A990A4AD4 /* SDVReader-DoublePage@2x.png */ = {isa = PBXFileReference; explicitFileType = undefined; fileEncoding = 9; includeInIndex = 0; lastKnownFileType = unknown; path = "SDVReader-DoublePage@2x.png"; sourceTree = "<group>"; };
		52A67C176C884E30A2B70355 /* ReaderMainToolbar+SDVReaderMainToolbarPassThrough.m */ = {isa = PBXFileReference; explicitFileType = undefined; fileEncoding = 4; includeInIndex = 0; lastKnownFileType = sourcecode.c.objc; name = "ReaderMainToolbar+SDVReaderMainToolbarPassThrough.m"; path = "cordova-plugin-document-viewer/ReaderMainToolbar+SDVReaderMainToolbarPassThrough.m"; sourceTree = "<group>"; };
		54A43005D31B47C8B4A09327 /* libz.dylib */ = {isa = PBXFileReference; explicitFileType = undefined; fileEncoding = 9; includeInIndex = 0; lastKnownFileType = "compiled.mach-o.dylib"; name = libz.dylib; path = usr/lib/libz.dylib; sourceTree = SDKROOT; };
		5604F389CFCD4E8CB2AEF19C /* entropy.h */ = {isa = PBXFileReference; explicitFileType = undefined; fileEncoding = 4; includeInIndex = 0; lastKnownFileType = sourcecode.c.h; name = entropy.h; path = "cordova-plugin-zip/Plugins/aes/entropy.h"; sourceTree = "<group>"; };
		564B131CA526411B8DFAD152 /* SDVThumbsViewController.h */ = {isa = PBXFileReference; explicitFileType = undefined; fileEncoding = 4; includeInIndex = 0; lastKnownFileType = sourcecode.c.h; name = SDVThumbsViewController.h; path = "cordova-plugin-document-viewer/SDVThumbsViewController.h"; sourceTree = "<group>"; };
		5FF3A0B125454CD59A08CE0A /* Reader-Button-H.png */ = {isa = PBXFileReference; explicitFileType = undefined; fileEncoding = 9; includeInIndex = 0; lastKnownFileType = unknown; path = "Reader-Button-H.png"; sourceTree = "<group>"; };
		6352F75025924A8E8FC9A47D /* CDVDevice.h */ = {isa = PBXFileReference; explicitFileType = undefined; fileEncoding = 4; includeInIndex = 0; lastKnownFileType = sourcecode.c.h; name = CDVDevice.h; path = "cordova-plugin-device/CDVDevice.h"; sourceTree = "<group>"; };
		65A857721C834FFD8A5735C5 /* CDVReachability.h */ = {isa = PBXFileReference; explicitFileType = undefined; fileEncoding = 4; includeInIndex = 0; lastKnownFileType = sourcecode.c.h; name = CDVReachability.h; path = "cordova-plugin-network-information/CDVReachability.h"; sourceTree = "<group>"; };
		675D8319138B454F92D42ADD /* aes_via_ace.h */ = {isa = PBXFileReference; explicitFileType = undefined; fileEncoding = 4; includeInIndex = 0; lastKnownFileType = sourcecode.c.h; name = aes_via_ace.h; path = "cordova-plugin-zip/Plugins/aes/aes_via_ace.h"; sourceTree = "<group>"; };
		680A4F3153D349C880BE2EC5 /* brg_types.h */ = {isa = PBXFileReference; explicitFileType = undefined; fileEncoding = 4; includeInIndex = 0; lastKnownFileType = sourcecode.c.h; name = brg_types.h; path = "cordova-plugin-zip/Plugins/aes/brg_types.h"; sourceTree = "<group>"; };
		68D81D39227647178844ADAF /* SDVReader-CoverPage.png */ = {isa = PBXFileReference; explicitFileType = undefined; fileEncoding = 9; includeInIndex = 0; lastKnownFileType = unknown; path = "SDVReader-CoverPage.png"; sourceTree = "<group>"; };
		69DEFAF2D28D4CCDBF1845A3 /* CDVDevice.m */ = {isa = PBXFileReference; explicitFileType = undefined; fileEncoding = 4; includeInIndex = 0; lastKnownFileType = sourcecode.c.objc; name = CDVDevice.m; path = "cordova-plugin-device/CDVDevice.m"; sourceTree = "<group>"; };
		6A0A5DE92C0F4F14A5E568F2 /* ReaderContentPage.m */ = {isa = PBXFileReference; explicitFileType = undefined; fileEncoding = 4; includeInIndex = 0; lastKnownFileType = sourcecode.c.objc; name = ReaderContentPage.m; path = "cordova-plugin-document-viewer/ReaderContentPage.m"; sourceTree = "<group>"; };
		6AFF5BF81D6E424B00AB3073 /* CDVLaunchScreen.storyboard */ = {isa = PBXFileReference; fileEncoding = 4; lastKnownFileType = file.storyboard; name = CDVLaunchScreen.storyboard; path = "csps-e-course/CDVLaunchScreen.storyboard"; sourceTree = SOURCE_ROOT; };
		6C60DE9A5EB94289AEFF1193 /* ReaderConstants.m */ = {isa = PBXFileReference; explicitFileType = undefined; fileEncoding = 4; includeInIndex = 0; lastKnownFileType = sourcecode.c.objc; name = ReaderConstants.m; path = "cordova-plugin-document-viewer/ReaderConstants.m"; sourceTree = "<group>"; };
		6CB5AD017CAB48529BCC1C12 /* ThumbsViewController+SDVThumbsViewControllerPassThrough.h */ = {isa = PBXFileReference; explicitFileType = undefined; fileEncoding = 4; includeInIndex = 0; lastKnownFileType = sourcecode.c.h; name = "ThumbsViewController+SDVThumbsViewControllerPassThrough.h"; path = "cordova-plugin-document-viewer/ThumbsViewController+SDVThumbsViewControllerPassThrough.h"; sourceTree = "<group>"; };
		6EC93B0C66F44F82A741924E /* CDVViewController+SplashScreen.m */ = {isa = PBXFileReference; explicitFileType = undefined; fileEncoding = 4; includeInIndex = 0; lastKnownFileType = sourcecode.c.objc; name = "CDVViewController+SplashScreen.m"; path = "cordova-plugin-splashscreen/CDVViewController+SplashScreen.m"; sourceTree = "<group>"; };
		6F25CE4BF58443CBA3DA8306 /* ReaderThumbsView.m */ = {isa = PBXFileReference; explicitFileType = undefined; fileEncoding = 4; includeInIndex = 0; lastKnownFileType = sourcecode.c.objc; name = ReaderThumbsView.m; path = "cordova-plugin-document-viewer/ReaderThumbsView.m"; sourceTree = "<group>"; };
		76C419C8E9624F03A6DD499F /* Reader-Mark-Y@2x.png */ = {isa = PBXFileReference; explicitFileType = undefined; fileEncoding = 9; includeInIndex = 0; lastKnownFileType = unknown; path = "Reader-Mark-Y@2x.png"; sourceTree = "<group>"; };
		77001F61B7DA430E8C4C3A65 /* CDVSplashScreen.h */ = {isa = PBXFileReference; explicitFileType = undefined; fileEncoding = 4; includeInIndex = 0; lastKnownFileType = sourcecode.c.h; name = CDVSplashScreen.h; path = "cordova-plugin-splashscreen/CDVSplashScreen.h"; sourceTree = "<group>"; };
		7819B2C52E224CEB9A6A1C4F /* CDVSplashScreen.m */ = {isa = PBXFileReference; explicitFileType = undefined; fileEncoding = 4; includeInIndex = 0; lastKnownFileType = sourcecode.c.objc; name = CDVSplashScreen.m; path = "cordova-plugin-splashscreen/CDVSplashScreen.m"; sourceTree = "<group>"; };
		787799E5263547D98321A46E /* IonicKeyboard.m */ = {isa = PBXFileReference; explicitFileType = undefined; fileEncoding = 4; includeInIndex = 0; lastKnownFileType = sourcecode.c.objc; name = IonicKeyboard.m; path = "ionic-plugin-keyboard/IonicKeyboard.m"; sourceTree = "<group>"; };
		793014621A9B4030B0A9454F /* ReaderMainToolbar.h */ = {isa = PBXFileReference; explicitFileType = undefined; fileEncoding = 4; includeInIndex = 0; lastKnownFileType = sourcecode.c.h; name = ReaderMainToolbar.h; path = "cordova-plugin-document-viewer/ReaderMainToolbar.h"; sourceTree = "<group>"; };
		7BD5763BE089472897929D55 /* CGPDFDocument.m */ = {isa = PBXFileReference; explicitFileType = undefined; fileEncoding = 4; includeInIndex = 0; lastKnownFileType = sourcecode.c.objc; name = CGPDFDocument.m; path = "cordova-plugin-document-viewer/CGPDFDocument.m"; sourceTree = "<group>"; };
		7F207938B81A4040850C2592 /* UIKit.framework */ = {isa = PBXFileReference; explicitFileType = undefined; fileEncoding = 9; includeInIndex = 0; lastKnownFileType = wrapper.framework; name = UIKit.framework; path = System/Library/Frameworks/UIKit.framework; sourceTree = SDKROOT; };
		82DE05BC1D7D436FA03113B1 /* ZipPlugin.m */ = {isa = PBXFileReference; explicitFileType = undefined; fileEncoding = 4; includeInIndex = 0; lastKnownFileType = sourcecode.c.objc; name = ZipPlugin.m; path = "cordova-plugin-zip/ZipPlugin.m"; sourceTree = "<group>"; };
		82EEC47DA176405C9AE5F985 /* SDVReader-Outline.png */ = {isa = PBXFileReference; explicitFileType = undefined; fileEncoding = 9; includeInIndex = 0; lastKnownFileType = unknown; path = "SDVReader-Outline.png"; sourceTree = "<group>"; };
		845925BACE024840A68B16C0 /* ReaderViewController.m */ = {isa = PBXFileReference; explicitFileType = undefined; fileEncoding = 4; includeInIndex = 0; lastKnownFileType = sourcecode.c.objc; name = ReaderViewController.m; path = "cordova-plugin-document-viewer/ReaderViewController.m"; sourceTree = "<group>"; };
		851DCD937EAF4061873FE6F2 /* SDVReaderViewController.m */ = {isa = PBXFileReference; explicitFileType = undefined; fileEncoding = 4; includeInIndex = 0; lastKnownFileType = sourcecode.c.objc; name = SDVReaderViewController.m; path = "cordova-plugin-document-viewer/SDVReaderViewController.m"; sourceTree = "<group>"; };
		871F2D4932FF493E88CEFE35 /* ReaderViewController.h */ = {isa = PBXFileReference; explicitFileType = undefined; fileEncoding = 4; includeInIndex = 0; lastKnownFileType = sourcecode.c.h; name = ReaderViewController.h; path = "cordova-plugin-document-viewer/ReaderViewController.h"; sourceTree = "<group>"; };
		8C5F3F54B369416387688A9C /* SDVReaderMainToolbar.m */ = {isa = PBXFileReference; explicitFileType = undefined; fileEncoding = 4; includeInIndex = 0; lastKnownFileType = sourcecode.c.objc; name = SDVReaderMainToolbar.m; path = "cordova-plugin-document-viewer/SDVReaderMainToolbar.m"; sourceTree = "<group>"; };
		8D1107310486CEB800E47090 /* csps-e-course-Info.plist */ = {isa = PBXFileReference; fileEncoding = 4; lastKnownFileType = text.plist.xml; name = "csps-e-course-Info.plist"; path = "csps-e-course/csps-e-course-Info.plist"; plistStructureDefinitionIdentifier = "com.apple.xcode.plist.structure-definition.iphone.info-plist"; sourceTree = SOURCE_ROOT; };
		8DB69246FA414D39977A4356 /* ThumbsMainToolbar+SDVThumbsMainToolbarPassThrough.h */ = {isa = PBXFileReference; explicitFileType = undefined; fileEncoding = 4; includeInIndex = 0; lastKnownFileType = sourcecode.c.h; name = "ThumbsMainToolbar+SDVThumbsMainToolbarPassThrough.h"; path = "cordova-plugin-document-viewer/ThumbsMainToolbar+SDVThumbsMainToolbarPassThrough.h"; sourceTree = "<group>"; };
		8ED174FD456C451B85E7E23F /* CDVLocalFilesystem.h */ = {isa = PBXFileReference; explicitFileType = undefined; fileEncoding = 4; includeInIndex = 0; lastKnownFileType = sourcecode.c.h; name = CDVLocalFilesystem.h; path = "cordova-plugin-file/CDVLocalFilesystem.h"; sourceTree = "<group>"; };
		8F17AE1A752444FFBA9DA137 /* ReaderDocumentOutline.m */ = {isa = PBXFileReference; explicitFileType = undefined; fileEncoding = 4; includeInIndex = 0; lastKnownFileType = sourcecode.c.objc; name = ReaderDocumentOutline.m; path = "cordova-plugin-document-viewer/ReaderDocumentOutline.m"; sourceTree = "<group>"; };
		8F6FB8187050419EA36A3F18 /* crypt.h */ = {isa = PBXFileReference; explicitFileType = undefined; fileEncoding = 4; includeInIndex = 0; lastKnownFileType = sourcecode.c.h; name = crypt.h; path = "cordova-plugin-zip/Plugins/minizip/crypt.h"; sourceTree = "<group>"; };
		923FF8B5FDF5488EB78F2F57 /* CoreTelephony.framework */ = {isa = PBXFileReference; explicitFileType = undefined; fileEncoding = 9; includeInIndex = 0; lastKnownFileType = wrapper.framework; name = CoreTelephony.framework; path = System/Library/Frameworks/CoreTelephony.framework; sourceTree = SDKROOT; };
		928D69906F774C4BAA9CACC3 /* ReaderMainToolbar.m */ = {isa = PBXFileReference; explicitFileType = undefined; fileEncoding = 4; includeInIndex = 0; lastKnownFileType = sourcecode.c.objc; name = ReaderMainToolbar.m; path = "cordova-plugin-document-viewer/ReaderMainToolbar.m"; sourceTree = "<group>"; };
		92FA78C9D03E4C319F9509FD /* CDVReachability.m */ = {isa = PBXFileReference; explicitFileType = undefined; fileEncoding = 4; includeInIndex = 0; lastKnownFileType = sourcecode.c.objc; name = CDVReachability.m; path = "cordova-plugin-network-information/CDVReachability.m"; sourceTree = "<group>"; };
		9505FB335D984765B9947F33 /* CDVFile.h */ = {isa = PBXFileReference; explicitFileType = undefined; fileEncoding = 4; includeInIndex = 0; lastKnownFileType = sourcecode.c.h; name = CDVFile.h; path = "cordova-plugin-file/CDVFile.h"; sourceTree = "<group>"; };
		97BF1E1ED3F44A7883A38562 /* CDVViewController+SplashScreen.h */ = {isa = PBXFileReference; explicitFileType = undefined; fileEncoding = 4; includeInIndex = 0; lastKnownFileType = sourcecode.c.h; name = "CDVViewController+SplashScreen.h"; path = "cordova-plugin-splashscreen/CDVViewController+SplashScreen.h"; sourceTree = "<group>"; };
		98186122DCC04C6E80858261 /* aes.h */ = {isa = PBXFileReference; explicitFileType = undefined; fileEncoding = 4; includeInIndex = 0; lastKnownFileType = sourcecode.c.h; name = aes.h; path = "cordova-plugin-zip/Plugins/aes/aes.h"; sourceTree = "<group>"; };
		982AF1EDFB2D40FCA8317652 /* ReaderThumbRequest.m */ = {isa = PBXFileReference; explicitFileType = undefined; fileEncoding = 4; includeInIndex = 0; lastKnownFileType = sourcecode.c.objc; name = ReaderThumbRequest.m; path = "cordova-plugin-document-viewer/ReaderThumbRequest.m"; sourceTree = "<group>"; };
		9B2952E4FC334A3098FFC58F /* Reader-Button-N.png */ = {isa = PBXFileReference; explicitFileType = undefined; fileEncoding = 9; includeInIndex = 0; lastKnownFileType = unknown; path = "Reader-Button-N.png"; sourceTree = "<group>"; };
		9CA4753075264DA8B5DFC2CB /* zip.h */ = {isa = PBXFileReference; explicitFileType = undefined; fileEncoding = 4; includeInIndex = 0; lastKnownFileType = sourcecode.c.h; name = zip.h; path = "cordova-plugin-zip/Plugins/minizip/zip.h"; sourceTree = "<group>"; };
		9D3FED62CADF48C793177943 /* ReaderThumbCache.h */ = {isa = PBXFileReference; explicitFileType = undefined; fileEncoding = 4; includeInIndex = 0; lastKnownFileType = sourcecode.c.h; name = ReaderThumbCache.h; path = "cordova-plugin-document-viewer/ReaderThumbCache.h"; sourceTree = "<group>"; };
		9D63AC9E55D645F89E174D5B /* QuartzCore.framework */ = {isa = PBXFileReference; explicitFileType = undefined; fileEncoding = 9; includeInIndex = 0; lastKnownFileType = wrapper.framework; name = QuartzCore.framework; path = System/Library/Frameworks/QuartzCore.framework; sourceTree = SDKROOT; };
		9E314AF488C54D138F77994C /* aestab.c */ = {isa = PBXFileReference; explicitFileType = undefined; fileEncoding = 9; includeInIndex = 0; lastKnownFileType = unknown; name = aestab.c; path = "cordova-plugin-zip/Plugins/aes/aestab.c"; sourceTree = "<group>"; };
		9E6AF3F817A146F4A680612A /* entropy.c */ = {isa = PBXFileReference; explicitFileType = undefined; fileEncoding = 9; includeInIndex = 0; lastKnownFileType = unknown; name = entropy.c; path = "cordova-plugin-zip/Plugins/aes/entropy.c"; sourceTree = "<group>"; };
		A03246CAC50643CE8F46FE23 /* ioapi.h */ = {isa = PBXFileReference; explicitFileType = undefined; fileEncoding = 4; includeInIndex = 0; lastKnownFileType = sourcecode.c.h; name = ioapi.h; path = "cordova-plugin-zip/Plugins/minizip/ioapi.h"; sourceTree = "<group>"; };
		A5FCB8A6518948ACA0B7D52C /* SitewaertsDocumentViewer.h */ = {isa = PBXFileReference; explicitFileType = undefined; fileEncoding = 4; includeInIndex = 0; lastKnownFileType = sourcecode.c.h; name = SitewaertsDocumentViewer.h; path = "cordova-plugin-document-viewer/SitewaertsDocumentViewer.h"; sourceTree = "<group>"; };
		AB9E1351BF914D3BAF45C53B /* ReaderMainPagebar.h */ = {isa = PBXFileReference; explicitFileType = undefined; fileEncoding = 4; includeInIndex = 0; lastKnownFileType = sourcecode.c.h; name = ReaderMainPagebar.h; path = "cordova-plugin-document-viewer/ReaderMainPagebar.h"; sourceTree = "<group>"; };
		AD9DD6FE77AC4879A5ECE81D /* Reader-Thumbs.png */ = {isa = PBXFileReference; explicitFileType = undefined; fileEncoding = 9; includeInIndex = 0; lastKnownFileType = unknown; path = "Reader-Thumbs.png"; sourceTree = "<group>"; };
		B1DFE8341892473FBAC008CD /* SDVReaderContentViewDoublePage.h */ = {isa = PBXFileReference; explicitFileType = undefined; fileEncoding = 4; includeInIndex = 0; lastKnownFileType = sourcecode.c.h; name = SDVReaderContentViewDoublePage.h; path = "cordova-plugin-document-viewer/SDVReaderContentViewDoublePage.h"; sourceTree = "<group>"; };
		B272A3B757F042909CC9BE95 /* ReaderThumbsView.h */ = {isa = PBXFileReference; explicitFileType = undefined; fileEncoding = 4; includeInIndex = 0; lastKnownFileType = sourcecode.c.h; name = ReaderThumbsView.h; path = "cordova-plugin-document-viewer/ReaderThumbsView.h"; sourceTree = "<group>"; };
		B7B2887CAA254CF59A5290EC /* ReaderMainPagebar.m */ = {isa = PBXFileReference; explicitFileType = undefined; fileEncoding = 4; includeInIndex = 0; lastKnownFileType = sourcecode.c.objc; name = ReaderMainPagebar.m; path = "cordova-plugin-document-viewer/ReaderMainPagebar.m"; sourceTree = "<group>"; };
		B7BD5993A76246D0B61C87BF /* ReaderThumbRequest.h */ = {isa = PBXFileReference; explicitFileType = undefined; fileEncoding = 4; includeInIndex = 0; lastKnownFileType = sourcecode.c.h; name = ReaderThumbRequest.h; path = "cordova-plugin-document-viewer/ReaderThumbRequest.h"; sourceTree = "<group>"; };
		B831E6A9169C4609B539B66A /* UIXToolbarView.h */ = {isa = PBXFileReference; explicitFileType = undefined; fileEncoding = 4; includeInIndex = 0; lastKnownFileType = sourcecode.c.h; name = UIXToolbarView.h; path = "cordova-plugin-document-viewer/UIXToolbarView.h"; sourceTree = "<group>"; };
		B9BA713018F64CCD81D39A20 /* Reader-Email@2x.png */ = {isa = PBXFileReference; explicitFileType = undefined; fileEncoding = 9; includeInIndex = 0; lastKnownFileType = unknown; path = "Reader-Email@2x.png"; sourceTree = "<group>"; };
		C049D4F720EA406A9D7B917A /* Default-568h@2x.png */ = {isa = PBXFileReference; explicitFileType = undefined; fileEncoding = 9; includeInIndex = 0; lastKnownFileType = unknown; path = "Default-568h@2x.png"; sourceTree = "<group>"; };
		C13F96F86DE043909A1ECFDE /* Foundation.framework */ = {isa = PBXFileReference; explicitFileType = undefined; fileEncoding = 9; includeInIndex = 0; lastKnownFileType = wrapper.framework; name = Foundation.framework; path = System/Library/Frameworks/Foundation.framework; sourceTree = SDKROOT; };
		C1E15E0B71A24E89A8266549 /* pwd2key.c */ = {isa = PBXFileReference; explicitFileType = undefined; fileEncoding = 9; includeInIndex = 0; lastKnownFileType = unknown; name = pwd2key.c; path = "cordova-plugin-zip/Plugins/aes/pwd2key.c"; sourceTree = "<group>"; };
		C48404CF983F4D83B86076AC /* CDVAssetLibraryFilesystem.m */ = {isa = PBXFileReference; explicitFileType = undefined; fileEncoding = 4; includeInIndex = 0; lastKnownFileType = sourcecode.c.objc; name = CDVAssetLibraryFilesystem.m; path = "cordova-plugin-file/CDVAssetLibraryFilesystem.m"; sourceTree = "<group>"; };
		C588B312E7AC4A9BB8395C94 /* ReaderViewController+SDVReaderViewControllerPassThrough.m */ = {isa = PBXFileReference; explicitFileType = undefined; fileEncoding = 4; includeInIndex = 0; lastKnownFileType = sourcecode.c.objc; name = "ReaderViewController+SDVReaderViewControllerPassThrough.m"; path = "cordova-plugin-document-viewer/ReaderViewController+SDVReaderViewControllerPassThrough.m"; sourceTree = "<group>"; };
		C5AD3DDD4DC340759887000F /* SDVReader-DoublePage.png */ = {isa = PBXFileReference; explicitFileType = undefined; fileEncoding = 9; includeInIndex = 0; lastKnownFileType = unknown; path = "SDVReader-DoublePage.png"; sourceTree = "<group>"; };
		C690473B6C104EAD8400BC23 /* ReaderThumbQueue.h */ = {isa = PBXFileReference; explicitFileType = undefined; fileEncoding = 4; includeInIndex = 0; lastKnownFileType = sourcecode.c.h; name = ReaderThumbQueue.h; path = "cordova-plugin-document-viewer/ReaderThumbQueue.h"; sourceTree = "<group>"; };
		C7019E8198FD4C8C9C2774D6 /* Reader-Button-N@2x.png */ = {isa = PBXFileReference; explicitFileType = undefined; fileEncoding = 9; includeInIndex = 0; lastKnownFileType = unknown; path = "Reader-Button-N@2x.png"; sourceTree = "<group>"; };
		CB6DC07FCA0C4E1597211EF1 /* SDVReader-CoverPage@2x.png */ = {isa = PBXFileReference; explicitFileType = undefined; fileEncoding = 9; includeInIndex = 0; lastKnownFileType = unknown; path = "SDVReader-CoverPage@2x.png"; sourceTree = "<group>"; };
		CBE8ED2A75ED498AB0E8E381 /* CDVConnection.m */ = {isa = PBXFileReference; explicitFileType = undefined; fileEncoding = 4; includeInIndex = 0; lastKnownFileType = sourcecode.c.objc; name = CDVConnection.m; path = "cordova-plugin-network-information/CDVConnection.m"; sourceTree = "<group>"; };
		CD8D069174C54204A8DF5E31 /* ReaderThumbView.m */ = {isa = PBXFileReference; explicitFileType = undefined; fileEncoding = 4; includeInIndex = 0; lastKnownFileType = sourcecode.c.objc; name = ReaderThumbView.m; path = "cordova-plugin-document-viewer/ReaderThumbView.m"; sourceTree = "<group>"; };
		CE1570D1138B47C8833D5A6C /* ThumbsViewController.h */ = {isa = PBXFileReference; explicitFileType = undefined; fileEncoding = 4; includeInIndex = 0; lastKnownFileType = sourcecode.c.h; name = ThumbsViewController.h; path = "cordova-plugin-document-viewer/ThumbsViewController.h"; sourceTree = "<group>"; };
		CF7C4184B50049E9A8909E76 /* SDVThumbsMainToolbar.h */ = {isa = PBXFileReference; explicitFileType = undefined; fileEncoding = 4; includeInIndex = 0; lastKnownFileType = sourcecode.c.h; name = SDVThumbsMainToolbar.h; path = "cordova-plugin-document-viewer/SDVThumbsMainToolbar.h"; sourceTree = "<group>"; };
		D2F9EB059EF74D5AA9E5EAD0 /* aestab.h */ = {isa = PBXFileReference; explicitFileType = undefined; fileEncoding = 4; includeInIndex = 0; lastKnownFileType = sourcecode.c.h; name = aestab.h; path = "cordova-plugin-zip/Plugins/aes/aestab.h"; sourceTree = "<group>"; };
		D7DA6557B4094C5E8ACA782F /* UIXToolbarView.m */ = {isa = PBXFileReference; explicitFileType = undefined; fileEncoding = 4; includeInIndex = 0; lastKnownFileType = sourcecode.c.objc; name = UIXToolbarView.m; path = "cordova-plugin-document-viewer/UIXToolbarView.m"; sourceTree = "<group>"; };
		D7F4E09097CF46598BA41342 /* SDVReaderViewController.h */ = {isa = PBXFileReference; explicitFileType = undefined; fileEncoding = 4; includeInIndex = 0; lastKnownFileType = sourcecode.c.h; name = SDVReaderViewController.h; path = "cordova-plugin-document-viewer/SDVReaderViewController.h"; sourceTree = "<group>"; };
		D8BA6FFE8FFE4C0F87B0C474 /* fileenc.c */ = {isa = PBXFileReference; explicitFileType = undefined; fileEncoding = 9; includeInIndex = 0; lastKnownFileType = unknown; name = fileenc.c; path = "cordova-plugin-zip/Plugins/aes/fileenc.c"; sourceTree = "<group>"; };
		D9B30C660C3049BD9D5FB39D /* Reader-Print@2x.png */ = {isa = PBXFileReference; explicitFileType = undefined; fileEncoding = 9; includeInIndex = 0; lastKnownFileType = unknown; path = "Reader-Print@2x.png"; sourceTree = "<group>"; };
		DA999471A384419386FD16CB /* CDVFileTransfer.h */ = {isa = PBXFileReference; explicitFileType = undefined; fileEncoding = 4; includeInIndex = 0; lastKnownFileType = sourcecode.c.h; name = CDVFileTransfer.h; path = "cordova-plugin-file-transfer/CDVFileTransfer.h"; sourceTree = "<group>"; };
		DD113421C394413EBD085714 /* Reader-Button-H@2x.png */ = {isa = PBXFileReference; explicitFileType = undefined; fileEncoding = 9; includeInIndex = 0; lastKnownFileType = unknown; path = "Reader-Button-H@2x.png"; sourceTree = "<group>"; };
		DE61824479DA4E19B597C645 /* libz.tbd */ = {isa = PBXFileReference; explicitFileType = undefined; fileEncoding = 9; includeInIndex = 0; lastKnownFileType = "sourcecode.text-based-dylib-definition"; name = libz.tbd; path = usr/lib/libz.tbd; sourceTree = SDKROOT; };
		DF9ECEB34E9141E39A7849E5 /* Reader-Print.png */ = {isa = PBXFileReference; explicitFileType = undefined; fileEncoding = 9; includeInIndex = 0; lastKnownFileType = unknown; path = "Reader-Print.png"; sourceTree = "<group>"; };
		DFC8D41DEA6F48F49AF06704 /* SDVReaderMainPagebar.h */ = {isa = PBXFileReference; explicitFileType = undefined; fileEncoding = 4; includeInIndex = 0; lastKnownFileType = sourcecode.c.h; name = SDVReaderMainPagebar.h; path = "cordova-plugin-document-viewer/SDVReaderMainPagebar.h"; sourceTree = "<group>"; };
		E0481E8B51A34068AD0F41AC /* ThumbsMainToolbar.m */ = {isa = PBXFileReference; explicitFileType = undefined; fileEncoding = 4; includeInIndex = 0; lastKnownFileType = sourcecode.c.objc; name = ThumbsMainToolbar.m; path = "cordova-plugin-document-viewer/ThumbsMainToolbar.m"; sourceTree = "<group>"; };
		E368C0ABACEB44DFB92FC5EF /* fileenc.h */ = {isa = PBXFileReference; explicitFileType = undefined; fileEncoding = 4; includeInIndex = 0; lastKnownFileType = sourcecode.c.h; name = fileenc.h; path = "cordova-plugin-zip/Plugins/aes/fileenc.h"; sourceTree = "<group>"; };
		E4E9B151E6744E2EBDE64A66 /* SDVReader-SinglePage@2x.png */ = {isa = PBXFileReference; explicitFileType = undefined; fileEncoding = 9; includeInIndex = 0; lastKnownFileType = unknown; path = "SDVReader-SinglePage@2x.png"; sourceTree = "<group>"; };
		E7B56C6A686D40F4B1F812CA /* MessageUI.framework */ = {isa = PBXFileReference; explicitFileType = undefined; fileEncoding = 9; includeInIndex = 0; lastKnownFileType = wrapper.framework; name = MessageUI.framework; path = System/Library/Frameworks/MessageUI.framework; sourceTree = SDKROOT; };
		EB87FDF31871DA8E0020F90C /* www */ = {isa = PBXFileReference; lastKnownFileType = folder; name = www; path = ../../www; sourceTree = "<group>"; };
		EB87FDF41871DAF40020F90C /* config.xml */ = {isa = PBXFileReference; lastKnownFileType = text.xml; name = config.xml; path = ../../config.xml; sourceTree = "<group>"; };
		EC6163504A784D9690E669C4 /* sha1.c */ = {isa = PBXFileReference; explicitFileType = undefined; fileEncoding = 9; includeInIndex = 0; lastKnownFileType = unknown; name = sha1.c; path = "cordova-plugin-zip/Plugins/aes/sha1.c"; sourceTree = "<group>"; };
		EC98912C5F7B4C659A8BF71E /* ReaderContentTile.m */ = {isa = PBXFileReference; explicitFileType = undefined; fileEncoding = 4; includeInIndex = 0; lastKnownFileType = sourcecode.c.objc; name = ReaderContentTile.m; path = "cordova-plugin-document-viewer/ReaderContentTile.m"; sourceTree = "<group>"; };
		ED33DF2A687741AEAF9F8254 /* Bridging-Header.h */ = {isa = PBXFileReference; fileEncoding = 4; lastKnownFileType = sourcecode.c.h; path = "Bridging-Header.h"; sourceTree = "<group>"; };
		EF0E9DD3233C4859B1E2DF71 /* ReaderContentTile.h */ = {isa = PBXFileReference; explicitFileType = undefined; fileEncoding = 4; includeInIndex = 0; lastKnownFileType = sourcecode.c.h; name = ReaderContentTile.h; path = "cordova-plugin-document-viewer/ReaderContentTile.h"; sourceTree = "<group>"; };
		EF71611A1AAB4A3CAF71ED8A /* ReaderDocument.m */ = {isa = PBXFileReference; explicitFileType = undefined; fileEncoding = 4; includeInIndex = 0; lastKnownFileType = sourcecode.c.objc; name = ReaderDocument.m; path = "cordova-plugin-document-viewer/ReaderDocument.m"; sourceTree = "<group>"; };
		F0B7A7264EA04462971F01B4 /* SSZipArchive.m */ = {isa = PBXFileReference; explicitFileType = undefined; fileEncoding = 4; includeInIndex = 0; lastKnownFileType = sourcecode.c.objc; name = SSZipArchive.m; path = "cordova-plugin-zip/Plugins/minizip/SSZipArchive.m"; sourceTree = "<group>"; };
		F44A617ADEB240BAA22C59D8 /* CDVFile.m */ = {isa = PBXFileReference; explicitFileType = undefined; fileEncoding = 4; includeInIndex = 0; lastKnownFileType = sourcecode.c.objc; name = CDVFile.m; path = "cordova-plugin-file/CDVFile.m"; sourceTree = "<group>"; };
		F57C80CDD73E4E50BFE0A31A /* ThumbsViewController+SDVThumbsViewControllerPassThrough.m */ = {isa = PBXFileReference; explicitFileType = undefined; fileEncoding = 4; includeInIndex = 0; lastKnownFileType = sourcecode.c.objc; name = "ThumbsViewController+SDVThumbsViewControllerPassThrough.m"; path = "cordova-plugin-document-viewer/ThumbsViewController+SDVThumbsViewControllerPassThrough.m"; sourceTree = "<group>"; };
		F5C8E286BCC0458EA2546168 /* ReaderThumbCache.m */ = {isa = PBXFileReference; explicitFileType = undefined; fileEncoding = 4; includeInIndex = 0; lastKnownFileType = sourcecode.c.objc; name = ReaderThumbCache.m; path = "cordova-plugin-document-viewer/ReaderThumbCache.m"; sourceTree = "<group>"; };
		F620CD4FC2CD4A5AB65721BC /* CGPDFDocument.h */ = {isa = PBXFileReference; explicitFileType = undefined; fileEncoding = 4; includeInIndex = 0; lastKnownFileType = sourcecode.c.h; name = CGPDFDocument.h; path = "cordova-plugin-document-viewer/CGPDFDocument.h"; sourceTree = "<group>"; };
		F71BF199488A446097ADD2E9 /* ReaderViewController+SDVReaderViewControllerPassThrough.h */ = {isa = PBXFileReference; explicitFileType = undefined; fileEncoding = 4; includeInIndex = 0; lastKnownFileType = sourcecode.c.h; name = "ReaderViewController+SDVReaderViewControllerPassThrough.h"; path = "cordova-plugin-document-viewer/ReaderViewController+SDVReaderViewControllerPassThrough.h"; sourceTree = "<group>"; };
		F840E1F0165FE0F500CFE078 /* config.xml */ = {isa = PBXFileReference; lastKnownFileType = text.xml; name = config.xml; path = "csps-e-course/config.xml"; sourceTree = "<group>"; };
		F9268CCCE0824592B4261291 /* hmac.h */ = {isa = PBXFileReference; explicitFileType = undefined; fileEncoding = 4; includeInIndex = 0; lastKnownFileType = sourcecode.c.h; name = hmac.h; path = "cordova-plugin-zip/Plugins/aes/hmac.h"; sourceTree = "<group>"; };
		F9627699102A4854A45ECA13 /* ReaderContentView.h */ = {isa = PBXFileReference; explicitFileType = undefined; fileEncoding = 4; includeInIndex = 0; lastKnownFileType = sourcecode.c.h; name = ReaderContentView.h; path = "cordova-plugin-document-viewer/ReaderContentView.h"; sourceTree = "<group>"; };
		FAEDA8491CEA4FFC9187EA93 /* ImageIO.framework */ = {isa = PBXFileReference; explicitFileType = undefined; fileEncoding = 9; includeInIndex = 0; lastKnownFileType = wrapper.framework; name = ImageIO.framework; path = System/Library/Frameworks/ImageIO.framework; sourceTree = SDKROOT; };
		FC4E08E9F93A4FCF9157B318 /* aescrypt.c */ = {isa = PBXFileReference; explicitFileType = undefined; fileEncoding = 9; includeInIndex = 0; lastKnownFileType = unknown; name = aescrypt.c; path = "cordova-plugin-zip/Plugins/aes/aescrypt.c"; sourceTree = "<group>"; };
		FE4C19329F00471BB887BBA2 /* CDVFileTransfer.m */ = {isa = PBXFileReference; explicitFileType = undefined; fileEncoding = 4; includeInIndex = 0; lastKnownFileType = sourcecode.c.objc; name = CDVFileTransfer.m; path = "cordova-plugin-file-transfer/CDVFileTransfer.m"; sourceTree = "<group>"; };
		FE5BBD0463B64ECF9480615A /* ThumbsMainToolbar.h */ = {isa = PBXFileReference; explicitFileType = undefined; fileEncoding = 4; includeInIndex = 0; lastKnownFileType = sourcecode.c.h; name = ThumbsMainToolbar.h; path = "cordova-plugin-document-viewer/ThumbsMainToolbar.h"; sourceTree = "<group>"; };
		FE94661E8D76497F92F49CB2 /* Reader-Email.png */ = {isa = PBXFileReference; explicitFileType = undefined; fileEncoding = 9; includeInIndex = 0; lastKnownFileType = unknown; path = "Reader-Email.png"; sourceTree = "<group>"; };
/* End PBXFileReference section */

/* Begin PBXFrameworksBuildPhase section */
		1D60588F0D05DD3D006BFB54 /* Frameworks */ = {
			isa = PBXFrameworksBuildPhase;
			buildActionMask = 2147483647;
			files = (
				301BF552109A68D80062928A /* libCordova.a in Frameworks */,
				9FB50DD4F8C74C60A52842C3 /* libz.tbd in Frameworks */,
				156CA62F55E24B098C9A1B90 /* UIKit.framework in Frameworks */,
				FE382E1B61D5408BA076D92F /* Foundation.framework in Frameworks */,
				BAD1AC3717B0406F9C246390 /* QuartzCore.framework in Frameworks */,
				B9296FCB60484372BE87B2B5 /* ImageIO.framework in Frameworks */,
				3752D3CE9ACB4A0C9A641F2A /* MessageUI.framework in Frameworks */,
				1D4CF6CC0BC143218A52DD46 /* SystemConfiguration.framework in Frameworks */,
				AC00E0C6807B43A68568C4E6 /* CoreTelephony.framework in Frameworks */,
				9ED89781F8C04F4D94C5549A /* libz.dylib in Frameworks */,
			);
			runOnlyForDeploymentPostprocessing = 0;
		};
/* End PBXFrameworksBuildPhase section */

/* Begin PBXGroup section */
		080E96DDFE201D6D7F000001 /* Classes */ = {
			isa = PBXGroup;
			children = (
				302D95EE14D2391D003F00A1 /* MainViewController.h */,
				302D95EF14D2391D003F00A1 /* MainViewController.m */,
				302D95F014D2391D003F00A1 /* MainViewController.xib */,
				1D3623240D0F684500981E51 /* AppDelegate.h */,
				1D3623250D0F684500981E51 /* AppDelegate.m */,
			);
			name = Classes;
			path = "csps-e-course/Classes";
			sourceTree = SOURCE_ROOT;
		};
		19C28FACFE9D520D11CA2CBB /* Products */ = {
			isa = PBXGroup;
			children = (
				1D6058910D05DD3D006BFB54 /* csps-e-course.app */,
			);
			name = Products;
			sourceTree = "<group>";
		};
		29B97314FDCFA39411CA2CEA /* CustomTemplate */ = {
			isa = PBXGroup;
			children = (
				EB87FDF41871DAF40020F90C /* config.xml */,
				EB87FDF31871DA8E0020F90C /* www */,
				EB87FDF11871DA420020F90C /* Staging */,
				301BF52D109A57CC0062928A /* CordovaLib/CordovaLib.xcodeproj */,
				080E96DDFE201D6D7F000001 /* Classes */,
				307C750510C5A3420062BCA9 /* Plugins */,
				29B97315FDCFA39411CA2CEA /* Other Sources */,
				29B97317FDCFA39411CA2CEA /* Resources */,
				29B97323FDCFA39411CA2CEA /* Frameworks */,
				19C28FACFE9D520D11CA2CBB /* Products */,
			);
			name = CustomTemplate;
			sourceTree = "<group>";
		};
		29B97315FDCFA39411CA2CEA /* Other Sources */ = {
			isa = PBXGroup;
			children = (
				32CA4F630368D1EE00C91783 /* csps-e-course-Prefix.pch */,
				29B97316FDCFA39411CA2CEA /* main.m */,
				ED33DF2A687741AEAF9F8254 /* Bridging-Header.h */,
			);
			name = "Other Sources";
			path = "csps-e-course";
			sourceTree = "<group>";
		};
		29B97317FDCFA39411CA2CEA /* Resources */ = {
			isa = PBXGroup;
			children = (
				0207DA571B56EA530066E2B4 /* Images.xcassets */,
				3047A50E1AB8057F00498E2A /* config */,
				8D1107310486CEB800E47090 /* csps-e-course-Info.plist */,
				6AFF5BF81D6E424B00AB3073 /* CDVLaunchScreen.storyboard */,
				C049D4F720EA406A9D7B917A /* Default-568h@2x.png */,
				5FF3A0B125454CD59A08CE0A /* Reader-Button-H.png */,
				DD113421C394413EBD085714 /* Reader-Button-H@2x.png */,
				9B2952E4FC334A3098FFC58F /* Reader-Button-N.png */,
				C7019E8198FD4C8C9C2774D6 /* Reader-Button-N@2x.png */,
				FE94661E8D76497F92F49CB2 /* Reader-Email.png */,
				B9BA713018F64CCD81D39A20 /* Reader-Email@2x.png */,
				0043164D9A0E4E748FC2B57F /* Reader-Export.png */,
				01D09235528A4171827E87EC /* Reader-Export@2x.png */,
				3EAADF77D90440E08A502D95 /* Reader-Mark-N.png */,
				1709B0A2F64049A18F53DB53 /* Reader-Mark-N@2x.png */,
				4F602DDD7821463B9C786A9D /* Reader-Mark-Y.png */,
				76C419C8E9624F03A6DD499F /* Reader-Mark-Y@2x.png */,
				DF9ECEB34E9141E39A7849E5 /* Reader-Print.png */,
				D9B30C660C3049BD9D5FB39D /* Reader-Print@2x.png */,
				AD9DD6FE77AC4879A5ECE81D /* Reader-Thumbs.png */,
				230DC999182F40C59BBA8C1D /* Reader-Thumbs@2x.png */,
				68D81D39227647178844ADAF /* SDVReader-CoverPage.png */,
				CB6DC07FCA0C4E1597211EF1 /* SDVReader-CoverPage@2x.png */,
				C5AD3DDD4DC340759887000F /* SDVReader-DoublePage.png */,
				5248DA4099F4432A990A4AD4 /* SDVReader-DoublePage@2x.png */,
				82EEC47DA176405C9AE5F985 /* SDVReader-Outline.png */,
				0E269B8E19F945698FA716FF /* SDVReader-Outline@2x.png */,
				367024A9CF404934973DEE5F /* SDVReader-SinglePage.png */,
				E4E9B151E6744E2EBDE64A66 /* SDVReader-SinglePage@2x.png */,
			);
			name = Resources;
			path = "csps-e-course/Resources";
			sourceTree = "<group>";
		};
		29B97323FDCFA39411CA2CEA /* Frameworks */ = {
			isa = PBXGroup;
			children = (
				DE61824479DA4E19B597C645 /* libz.tbd */,
				7F207938B81A4040850C2592 /* UIKit.framework */,
				C13F96F86DE043909A1ECFDE /* Foundation.framework */,
				9D63AC9E55D645F89E174D5B /* QuartzCore.framework */,
				FAEDA8491CEA4FFC9187EA93 /* ImageIO.framework */,
				E7B56C6A686D40F4B1F812CA /* MessageUI.framework */,
				0F6A110691D54C458274A7EC /* SystemConfiguration.framework */,
				923FF8B5FDF5488EB78F2F57 /* CoreTelephony.framework */,
				54A43005D31B47C8B4A09327 /* libz.dylib */,
			);
			name = Frameworks;
			sourceTree = "<group>";
		};
		301BF52E109A57CC0062928A /* Products */ = {
			isa = PBXGroup;
			children = (
				301BF535109A57CC0062928A /* libCordova.a */,
				79D9EC1A2196253800229D29 /* Cordova.framework */,
			);
			name = Products;
			sourceTree = "<group>";
		};
		3047A50E1AB8057F00498E2A /* config */ = {
			isa = PBXGroup;
			children = (
				3047A50F1AB8059700498E2A /* build-debug.xcconfig */,
				3047A5101AB8059700498E2A /* build-release.xcconfig */,
				3047A5111AB8059700498E2A /* build.xcconfig */,
			);
			name = config;
			sourceTree = "<group>";
		};
		307C750510C5A3420062BCA9 /* Plugins */ = {
			isa = PBXGroup;
			children = (
				69DEFAF2D28D4CCDBF1845A3 /* CDVDevice.m */,
				6352F75025924A8E8FC9A47D /* CDVDevice.h */,
				2157A4745144484CB4FC1AE8 /* SitewaertsDocumentViewer.m */,
				7BD5763BE089472897929D55 /* CGPDFDocument.m */,
				6C60DE9A5EB94289AEFF1193 /* ReaderConstants.m */,
				6A0A5DE92C0F4F14A5E568F2 /* ReaderContentPage.m */,
				EC98912C5F7B4C659A8BF71E /* ReaderContentTile.m */,
				35A919A7D3E3476F8374376F /* ReaderContentView.m */,
				EF71611A1AAB4A3CAF71ED8A /* ReaderDocument.m */,
				8F17AE1A752444FFBA9DA137 /* ReaderDocumentOutline.m */,
				B7B2887CAA254CF59A5290EC /* ReaderMainPagebar.m */,
				928D69906F774C4BAA9CACC3 /* ReaderMainToolbar.m */,
				52A67C176C884E30A2B70355 /* ReaderMainToolbar+SDVReaderMainToolbarPassThrough.m */,
				F5C8E286BCC0458EA2546168 /* ReaderThumbCache.m */,
				16F3F38E0530455BB371ED38 /* ReaderThumbFetch.m */,
				4E686ADC98BA4DD68B773AFC /* ReaderThumbQueue.m */,
				173125F93E4C4D59BBE1B716 /* ReaderThumbRender.m */,
				982AF1EDFB2D40FCA8317652 /* ReaderThumbRequest.m */,
				6F25CE4BF58443CBA3DA8306 /* ReaderThumbsView.m */,
				CD8D069174C54204A8DF5E31 /* ReaderThumbView.m */,
				845925BACE024840A68B16C0 /* ReaderViewController.m */,
				C588B312E7AC4A9BB8395C94 /* ReaderViewController+SDVReaderViewControllerPassThrough.m */,
				095DBDD518284A809B85FC30 /* SDVReaderContentViewDoublePage.m */,
				2C1CF22B431146038C3B99BB /* SDVReaderMainPagebar.m */,
				8C5F3F54B369416387688A9C /* SDVReaderMainToolbar.m */,
				851DCD937EAF4061873FE6F2 /* SDVReaderViewController.m */,
				002CEC8D85F244F0838CD755 /* SDVThumbsMainToolbar.m */,
				4F0B3F3179FC4F90A9206997 /* SDVThumbsViewController.m */,
				E0481E8B51A34068AD0F41AC /* ThumbsMainToolbar.m */,
				1FF6A2277F194118BD3A3FA0 /* ThumbsMainToolbar+SDVThumbsMainToolbarPassThrough.m */,
				322E19B244C64AB48F7FCE99 /* ThumbsViewController.m */,
				F57C80CDD73E4E50BFE0A31A /* ThumbsViewController+SDVThumbsViewControllerPassThrough.m */,
				D7DA6557B4094C5E8ACA782F /* UIXToolbarView.m */,
				A5FCB8A6518948ACA0B7D52C /* SitewaertsDocumentViewer.h */,
				F620CD4FC2CD4A5AB65721BC /* CGPDFDocument.h */,
				1B3F164F598A4424AF36248F /* ReaderConstants.h */,
				000E705DB0794F3AAF91E947 /* ReaderContentPage.h */,
				EF0E9DD3233C4859B1E2DF71 /* ReaderContentTile.h */,
				F9627699102A4854A45ECA13 /* ReaderContentView.h */,
				46504CBCD92141E3ADF902A0 /* ReaderDocument.h */,
				435BA6C547FA48CAB7C892C2 /* ReaderDocumentOutline.h */,
				AB9E1351BF914D3BAF45C53B /* ReaderMainPagebar.h */,
				793014621A9B4030B0A9454F /* ReaderMainToolbar.h */,
				5047DC56F9EC43C181E08ECF /* ReaderMainToolbar+SDVReaderMainToolbarPassThrough.h */,
				9D3FED62CADF48C793177943 /* ReaderThumbCache.h */,
				269D49E1780D407E92FCA17A /* ReaderThumbFetch.h */,
				C690473B6C104EAD8400BC23 /* ReaderThumbQueue.h */,
				3A3CED2FC7FB45D6B011E2A9 /* ReaderThumbRender.h */,
				B7BD5993A76246D0B61C87BF /* ReaderThumbRequest.h */,
				B272A3B757F042909CC9BE95 /* ReaderThumbsView.h */,
				0F43A967FA4048978ED04830 /* ReaderThumbView.h */,
				871F2D4932FF493E88CEFE35 /* ReaderViewController.h */,
				F71BF199488A446097ADD2E9 /* ReaderViewController+SDVReaderViewControllerPassThrough.h */,
				B1DFE8341892473FBAC008CD /* SDVReaderContentViewDoublePage.h */,
				DFC8D41DEA6F48F49AF06704 /* SDVReaderMainPagebar.h */,
				161B6A9F0C934F1CA4C85BE5 /* SDVReaderMainToolbar.h */,
				D7F4E09097CF46598BA41342 /* SDVReaderViewController.h */,
				CF7C4184B50049E9A8909E76 /* SDVThumbsMainToolbar.h */,
				564B131CA526411B8DFAD152 /* SDVThumbsViewController.h */,
				FE5BBD0463B64ECF9480615A /* ThumbsMainToolbar.h */,
				8DB69246FA414D39977A4356 /* ThumbsMainToolbar+SDVThumbsMainToolbarPassThrough.h */,
				CE1570D1138B47C8833D5A6C /* ThumbsViewController.h */,
				6CB5AD017CAB48529BCC1C12 /* ThumbsViewController+SDVThumbsViewControllerPassThrough.h */,
				B831E6A9169C4609B539B66A /* UIXToolbarView.h */,
				F44A617ADEB240BAA22C59D8 /* CDVFile.m */,
				339EAACB4A324D07B2567D30 /* CDVLocalFilesystem.m */,
				C48404CF983F4D83B86076AC /* CDVAssetLibraryFilesystem.m */,
				9505FB335D984765B9947F33 /* CDVFile.h */,
				8ED174FD456C451B85E7E23F /* CDVLocalFilesystem.h */,
				3044FD087FBC4098B873691A /* CDVAssetLibraryFilesystem.h */,
				FE4C19329F00471BB887BBA2 /* CDVFileTransfer.m */,
				DA999471A384419386FD16CB /* CDVFileTransfer.h */,
				CBE8ED2A75ED498AB0E8E381 /* CDVConnection.m */,
				92FA78C9D03E4C319F9509FD /* CDVReachability.m */,
				3DE9A1E512614422A6FE7162 /* CDVConnection.h */,
				65A857721C834FFD8A5735C5 /* CDVReachability.h */,
				7819B2C52E224CEB9A6A1C4F /* CDVSplashScreen.m */,
				6EC93B0C66F44F82A741924E /* CDVViewController+SplashScreen.m */,
				77001F61B7DA430E8C4C3A65 /* CDVSplashScreen.h */,
				97BF1E1ED3F44A7883A38562 /* CDVViewController+SplashScreen.h */,
				31F13C7E8F9645ACAF257C23 /* CDVStatusBar.m */,
				322F829023404518A08E19BF /* CDVStatusBar.h */,
				82DE05BC1D7D436FA03113B1 /* ZipPlugin.m */,
				FC4E08E9F93A4FCF9157B318 /* aescrypt.c */,
				46E6B7732BDD4DAEB4E588F1 /* aeskey.c */,
				9E314AF488C54D138F77994C /* aestab.c */,
				9E6AF3F817A146F4A680612A /* entropy.c */,
				D8BA6FFE8FFE4C0F87B0C474 /* fileenc.c */,
				19806939BAE6488CA85D748B /* hmac.c */,
				1AA9C93CC6624029A6CD0713 /* prng.c */,
				C1E15E0B71A24E89A8266549 /* pwd2key.c */,
				EC6163504A784D9690E669C4 /* sha1.c */,
				F0B7A7264EA04462971F01B4 /* SSZipArchive.m */,
				4330B44C36F84190B39BE531 /* zip.c */,
				1B00A56A35494548A5CB29C7 /* unzip.c */,
				1774B4BDFB3641E0BADF5250 /* mztools.c */,
				0632890858D94E0EA2507B83 /* ioapi.c */,
				04B8E3AB1D754D9F8242D705 /* ZipPlugin.h */,
				10281FC6164541FEA96C710E /* Common.h */,
				98186122DCC04C6E80858261 /* aes.h */,
				675D8319138B454F92D42ADD /* aes_via_ace.h */,
				06202B19C0C54C7A8470326D /* aesopt.h */,
				D2F9EB059EF74D5AA9E5EAD0 /* aestab.h */,
				365E40C179C54BE1B8520C20 /* brg_endian.h */,
				680A4F3153D349C880BE2EC5 /* brg_types.h */,
				5604F389CFCD4E8CB2AEF19C /* entropy.h */,
				E368C0ABACEB44DFB92FC5EF /* fileenc.h */,
				F9268CCCE0824592B4261291 /* hmac.h */,
				1EF9F3EC076C464FA3E8370C /* prng.h */,
				2449062DE3F948A98BDDEAE7 /* pwd2key.h */,
				28CFA55C6E7D4DF0BB871855 /* sha1.h */,
				0C66B378AE3E42E282F0DFE5 /* SSZipArchive.h */,
				9CA4753075264DA8B5DFC2CB /* zip.h */,
				3FC0397EB0FC452EB17383F8 /* unzip.h */,
				0319B362373246DD86A1F436 /* mztools.h */,
				A03246CAC50643CE8F46FE23 /* ioapi.h */,
				8F6FB8187050419EA36A3F18 /* crypt.h */,
				787799E5263547D98321A46E /* IonicKeyboard.m */,
				2546FD52514D4EFC9D1BE01E /* IonicKeyboard.h */,
			);
			name = Plugins;
			path = "csps-e-course/Plugins";
			sourceTree = SOURCE_ROOT;
		};
		EB87FDF11871DA420020F90C /* Staging */ = {
			isa = PBXGroup;
			children = (
				F840E1F0165FE0F500CFE078 /* config.xml */,
				301BF56E109A69640062928A /* www */,
			);
			name = Staging;
			sourceTree = "<group>";
		};
/* End PBXGroup section */

/* Begin PBXNativeTarget section */
		1D6058900D05DD3D006BFB54 /* csps-e-course */ = {
			isa = PBXNativeTarget;
			buildConfigurationList = 1D6058960D05DD3E006BFB54 /* Build configuration list for PBXNativeTarget "csps-e-course" */;
			buildPhases = (
				304B58A110DAC018002A0835 /* Copy www directory */,
				1D60588D0D05DD3D006BFB54 /* Resources */,
				1D60588E0D05DD3D006BFB54 /* Sources */,
				1D60588F0D05DD3D006BFB54 /* Frameworks */,
			);
			buildRules = (
			);
			dependencies = (
				301BF551109A68C00062928A /* PBXTargetDependency */,
			);
			name = "csps-e-course";
			productName = "csps-e-course";
			productReference = 1D6058910D05DD3D006BFB54 /* csps-e-course.app */;
			productType = "com.apple.product-type.application";
		};
/* End PBXNativeTarget section */

/* Begin PBXProject section */
		29B97313FDCFA39411CA2CEA /* Project object */ = {
			isa = PBXProject;
			attributes = {
				LastUpgradeCheck = 510;
				TargetAttributes = {
					1D6058900D05DD3D006BFB54 = {
						DevelopmentTeam = 5MFU2TZ67Y;
						ProvisioningStyle = Manual;
					};
				};
			};
			buildConfigurationList = C01FCF4E08A954540054247B /* Build configuration list for PBXProject "csps-e-course" */;
			compatibilityVersion = "Xcode 3.2";
			developmentRegion = English;
			hasScannedForEncodings = 1;
			knownRegions = (
				en,
			);
			mainGroup = 29B97314FDCFA39411CA2CEA /* CustomTemplate */;
			projectDirPath = "";
			projectReferences = (
				{
					ProductGroup = 301BF52E109A57CC0062928A /* Products */;
					ProjectRef = 301BF52D109A57CC0062928A /* CordovaLib/CordovaLib.xcodeproj */;
				},
			);
			projectRoot = "";
			targets = (
				1D6058900D05DD3D006BFB54 /* csps-e-course */,
			);
		};
/* End PBXProject section */

/* Begin PBXReferenceProxy section */
		301BF535109A57CC0062928A /* libCordova.a */ = {
			isa = PBXReferenceProxy;
			fileType = archive.ar;
			path = libCordova.a;
			remoteRef = 301BF534109A57CC0062928A /* PBXContainerItemProxy */;
			sourceTree = BUILT_PRODUCTS_DIR;
		};
		79D9EC1A2196253800229D29 /* Cordova.framework */ = {
			isa = PBXReferenceProxy;
			fileType = wrapper.framework;
			path = Cordova.framework;
			remoteRef = 79D9EC192196253800229D29 /* PBXContainerItemProxy */;
			sourceTree = BUILT_PRODUCTS_DIR;
		};
/* End PBXReferenceProxy section */

/* Begin PBXResourcesBuildPhase section */
		1D60588D0D05DD3D006BFB54 /* Resources */ = {
			isa = PBXResourcesBuildPhase;
			buildActionMask = 2147483647;
			files = (
				302D95F214D2391D003F00A1 /* MainViewController.xib in Resources */,
				0207DA581B56EA530066E2B4 /* Images.xcassets in Resources */,
				6AFF5BF91D6E424B00AB3073 /* CDVLaunchScreen.storyboard in Resources */,
				60F51CB93D7147FDB5FC3B2A /* Default-568h@2x.png in Resources */,
				EA430693C0EB401C9B86F402 /* Reader-Button-H.png in Resources */,
				344B7F7B24394B0CB054E187 /* Reader-Button-H@2x.png in Resources */,
				C94A130418A745AA89A0E166 /* Reader-Button-N.png in Resources */,
				899816A5B35744668BF46D69 /* Reader-Button-N@2x.png in Resources */,
				35FC55431177482E9A914E90 /* Reader-Email.png in Resources */,
				628CA28750A648E2B7D675BE /* Reader-Email@2x.png in Resources */,
				CB122735A971462FA8C6ACC4 /* Reader-Export.png in Resources */,
				5E7934DB1BD34BE9B4FE7238 /* Reader-Export@2x.png in Resources */,
				0323B3D0AFCA427788474057 /* Reader-Mark-N.png in Resources */,
				2B1DB05A10E54C959CDC974F /* Reader-Mark-N@2x.png in Resources */,
				0E922DBD53B7480D814D4D01 /* Reader-Mark-Y.png in Resources */,
				A3D072423C164D4FA29EC1CF /* Reader-Mark-Y@2x.png in Resources */,
				8407AE32FB5A4477877F155C /* Reader-Print.png in Resources */,
				9C06DA44FA7343B1BD8EAC06 /* Reader-Print@2x.png in Resources */,
				24D6D4553DDC4C8E976482EC /* Reader-Thumbs.png in Resources */,
				3A7F1622945940A1BA0596CC /* Reader-Thumbs@2x.png in Resources */,
				C0E5309010144863A5242B9E /* SDVReader-CoverPage.png in Resources */,
				DD60A70143964D19907CBB77 /* SDVReader-CoverPage@2x.png in Resources */,
				17DB5515D2504B109D38014D /* SDVReader-DoublePage.png in Resources */,
				765845B49FE94548A8952B80 /* SDVReader-DoublePage@2x.png in Resources */,
				69FF6ED460BB48949AAD3412 /* SDVReader-Outline.png in Resources */,
				56D7BE94439343A9B2601159 /* SDVReader-Outline@2x.png in Resources */,
				E1466926230440F49AEC5DB8 /* SDVReader-SinglePage.png in Resources */,
				86B4340309C949A79597476F /* SDVReader-SinglePage@2x.png in Resources */,
			);
			runOnlyForDeploymentPostprocessing = 0;
		};
/* End PBXResourcesBuildPhase section */

/* Begin PBXShellScriptBuildPhase section */
		304B58A110DAC018002A0835 /* Copy www directory */ = {
			isa = PBXShellScriptBuildPhase;
			buildActionMask = 2147483647;
			files = (
			);
			inputPaths = (
			);
			name = "Copy www directory";
			outputPaths = (
			);
			runOnlyForDeploymentPostprocessing = 0;
			shellPath = /bin/sh;
			shellScript = "NODEJS_PATH=/usr/local/bin; NVM_NODE_PATH=~/.nvm/versions/node/`nvm version 2>/dev/null`/bin; N_NODE_PATH=`find /usr/local/n/versions/node/* -maxdepth 0 -type d 2>/dev/null | tail -1`/bin; XCODE_NODE_PATH=`xcode-select --print-path`/usr/share/xcs/Node/bin; PATH=$NODEJS_PATH:$NVM_NODE_PATH:$N_NODE_PATH:$XCODE_NODE_PATH:$PATH && node cordova/lib/copy-www-build-step.js";
			showEnvVarsInLog = 0;
		};
/* End PBXShellScriptBuildPhase section */

/* Begin PBXSourcesBuildPhase section */
		1D60588E0D05DD3D006BFB54 /* Sources */ = {
			isa = PBXSourcesBuildPhase;
			buildActionMask = 2147483647;
			files = (
				1D60589B0D05DD56006BFB54 /* main.m in Sources */,
				1D3623260D0F684500981E51 /* AppDelegate.m in Sources */,
				302D95F114D2391D003F00A1 /* MainViewController.m in Sources */,
				9203B9277DA946658FFC16E7 /* CDVDevice.m in Sources */,
				4817B81FBB6E4087A6EBC0D8 /* SitewaertsDocumentViewer.m in Sources */,
				928812DAB0EA41EEBAD32AF2 /* CGPDFDocument.m in Sources */,
				B24ED013D1CB4B259BAE692D /* ReaderConstants.m in Sources */,
				BB783ABE3B174F6B8040CC90 /* ReaderContentPage.m in Sources */,
				28F70AC25A1C4B78A2D7F71F /* ReaderContentTile.m in Sources */,
				759D7805A1B74779B20E3EA2 /* ReaderContentView.m in Sources */,
				A8A7410B84B74B239E00AAE6 /* ReaderDocument.m in Sources */,
				4E111CB062E44F55B56211A4 /* ReaderDocumentOutline.m in Sources */,
				B9F3293F06E04DD599702AC8 /* ReaderMainPagebar.m in Sources */,
				3EBFC287225E4777B9739C8F /* ReaderMainToolbar.m in Sources */,
				21D0CD00794A469CA5DE09BE /* ReaderMainToolbar+SDVReaderMainToolbarPassThrough.m in Sources */,
				86E93E6CB4454E1C95C3829F /* ReaderThumbCache.m in Sources */,
				60CCE1FCEECA4907B4E10721 /* ReaderThumbFetch.m in Sources */,
				A79F97F54483497EBE43B63E /* ReaderThumbQueue.m in Sources */,
				35DD095A73774A56BE42BE04 /* ReaderThumbRender.m in Sources */,
				6D6C2CED932241F5AA41AC27 /* ReaderThumbRequest.m in Sources */,
				01D65B68A79142D6AC3F4FCD /* ReaderThumbsView.m in Sources */,
				52A49BA098854B2ABDDB49B0 /* ReaderThumbView.m in Sources */,
				B08B1321D9E44868ACFD9DF8 /* ReaderViewController.m in Sources */,
				B803CC059E874F9A9C158D33 /* ReaderViewController+SDVReaderViewControllerPassThrough.m in Sources */,
				E95481731B024B48950A8F83 /* SDVReaderContentViewDoublePage.m in Sources */,
				07284936EE00436EAA4DC337 /* SDVReaderMainPagebar.m in Sources */,
				4234C2882997442E89876683 /* SDVReaderMainToolbar.m in Sources */,
				2C75691027564BF5868E68EE /* SDVReaderViewController.m in Sources */,
				D4F3DCECF746422890E649C7 /* SDVThumbsMainToolbar.m in Sources */,
				E3193B63F3C946FB8C0F2FCB /* SDVThumbsViewController.m in Sources */,
				C7BAA5EFD4664B438ECC3357 /* ThumbsMainToolbar.m in Sources */,
				FDBED8A451FD45E39911FF45 /* ThumbsMainToolbar+SDVThumbsMainToolbarPassThrough.m in Sources */,
				6FF49150194248E384AB9F0D /* ThumbsViewController.m in Sources */,
				B12C25D3B9664F3FAB8A7528 /* ThumbsViewController+SDVThumbsViewControllerPassThrough.m in Sources */,
				BAB4E8A6F7304C629BA339C3 /* UIXToolbarView.m in Sources */,
				23F45752A1004A26ADD585D9 /* CDVFile.m in Sources */,
				9DBFE8E77CC14EEABB7DB7C8 /* CDVLocalFilesystem.m in Sources */,
				A65215FA859A4F07B916A35F /* CDVAssetLibraryFilesystem.m in Sources */,
				9989704E2B234D8D930738E9 /* CDVFileTransfer.m in Sources */,
				5066FA851EFD4DB7B889AF4B /* CDVConnection.m in Sources */,
				BE8D34106BEA43B3BB85EB81 /* CDVReachability.m in Sources */,
				258945ABA0E647FF931CF967 /* CDVSplashScreen.m in Sources */,
				8F6D49059CEF4A9BA1D90CC2 /* CDVViewController+SplashScreen.m in Sources */,
				55DEB904F1244863B38E0D53 /* CDVStatusBar.m in Sources */,
				9339F869AA1E4527A6D11795 /* ZipPlugin.m in Sources */,
				136696E37952402FBA97F7BF /* aescrypt.c in Sources */,
				837520AAFF414D02A2C17A04 /* aeskey.c in Sources */,
				899E405CB638435F994D2273 /* aestab.c in Sources */,
				ADA1AB7F04284AAEB5343F40 /* entropy.c in Sources */,
				8A4C66D1494C48FA99D4DC44 /* fileenc.c in Sources */,
				723CCE78D3504A629366C615 /* hmac.c in Sources */,
				163C1C109E1A403B90501964 /* prng.c in Sources */,
				A54FCD9908FF49C4BBE4DD37 /* pwd2key.c in Sources */,
				1395BDCE29A34C5D9F7D6135 /* sha1.c in Sources */,
				36A9B4343CD24B9A9FD04A21 /* SSZipArchive.m in Sources */,
				2EC28857A1924BDE96813B9C /* zip.c in Sources */,
				0F9A94820AE4451BBEBBBCB1 /* unzip.c in Sources */,
				DA8F9CC963D5496DABD2913F /* mztools.c in Sources */,
				6323A16D3F34475D80ADCC7E /* ioapi.c in Sources */,
				52CDA21CD97B4D00B987E7FC /* IonicKeyboard.m in Sources */,
			);
			runOnlyForDeploymentPostprocessing = 0;
		};
/* End PBXSourcesBuildPhase section */

/* Begin PBXTargetDependency section */
		301BF551109A68C00062928A /* PBXTargetDependency */ = {
			isa = PBXTargetDependency;
			name = CordovaLib;
			targetProxy = 301BF550109A68C00062928A /* PBXContainerItemProxy */;
		};
/* End PBXTargetDependency section */

/* Begin XCBuildConfiguration section */
		1D6058940D05DD3E006BFB54 /* Debug */ = {
			isa = XCBuildConfiguration;
			baseConfigurationReference = 3047A50F1AB8059700498E2A /* build-debug.xcconfig */;
			buildSettings = {
				ALWAYS_SEARCH_USER_PATHS = NO;
				ASSETCATALOG_COMPILER_APPICON_NAME = "AppIcon-ELDP";
				ASSETCATALOG_COMPILER_LAUNCHIMAGE_NAME = LaunchImage;
				CLANG_ENABLE_MODULES = YES;
				CLANG_ENABLE_OBJC_ARC = YES;
				CODE_SIGN_IDENTITY = "iPhone Distribution";
				CODE_SIGN_STYLE = Manual;
				COPY_PHASE_STRIP = NO;
				DEVELOPMENT_TEAM = 5MFU2TZ67Y;
				GCC_DYNAMIC_NO_PIC = NO;
				GCC_OPTIMIZATION_LEVEL = 0;
				GCC_PRECOMPILE_PREFIX_HEADER = YES;
				GCC_PREFIX_HEADER = "csps-e-course/csps-e-course-Prefix.pch";
				GCC_THUMB_SUPPORT = NO;
				GCC_VERSION = "";
				INFOPLIST_FILE = "csps-e-course/csps-e-course-Info.plist";
				IPHONEOS_DEPLOYMENT_TARGET = 9.0;
				LD_RUNPATH_SEARCH_PATHS = "@executable_path/Frameworks";
				PRODUCT_BUNDLE_IDENTIFIER = com.csps.applications.eldpen;
				PRODUCT_NAME = "csps-e-course";
				PROVISIONING_PROFILE_SPECIFIER = "csps ecourse eldp English";
				TARGETED_DEVICE_FAMILY = "1,2";
			};
			name = Debug;
		};
		1D6058950D05DD3E006BFB54 /* Release */ = {
			isa = XCBuildConfiguration;
			baseConfigurationReference = 3047A5101AB8059700498E2A /* build-release.xcconfig */;
			buildSettings = {
				ALWAYS_SEARCH_USER_PATHS = NO;
				ASSETCATALOG_COMPILER_APPICON_NAME = "AppIcon-ELDP";
				ASSETCATALOG_COMPILER_LAUNCHIMAGE_NAME = LaunchImage;
				CLANG_ENABLE_MODULES = YES;
				CLANG_ENABLE_OBJC_ARC = YES;
				CODE_SIGN_STYLE = Manual;
				COPY_PHASE_STRIP = YES;
				DEVELOPMENT_TEAM = 5MFU2TZ67Y;
				GCC_PRECOMPILE_PREFIX_HEADER = YES;
				GCC_PREFIX_HEADER = "csps-e-course/csps-e-course-Prefix.pch";
				GCC_THUMB_SUPPORT = NO;
				GCC_VERSION = "";
				INFOPLIST_FILE = "csps-e-course/csps-e-course-Info.plist";
				IPHONEOS_DEPLOYMENT_TARGET = 9.0;
				LD_RUNPATH_SEARCH_PATHS = "@executable_path/Frameworks";
				PRODUCT_BUNDLE_IDENTIFIER = com.csps.applications.eldpen;
				PRODUCT_NAME = "csps-e-course";
				PROVISIONING_PROFILE_SPECIFIER = "csps ecourse eldp English";
				TARGETED_DEVICE_FAMILY = "1,2";
			};
			name = Release;
		};
		C01FCF4F08A954540054247B /* Debug */ = {
			isa = XCBuildConfiguration;
			baseConfigurationReference = 3047A5111AB8059700498E2A /* build.xcconfig */;
			buildSettings = {
				ASSETCATALOG_COMPILER_LAUNCHIMAGE_NAME = LaunchImage;
				CLANG_ENABLE_MODULES = YES;
				CLANG_ENABLE_OBJC_ARC = YES;
				CLANG_WARN_BOOL_CONVERSION = YES;
				CLANG_WARN_CONSTANT_CONVERSION = YES;
				CLANG_WARN_EMPTY_BODY = YES;
				CLANG_WARN_ENUM_CONVERSION = YES;
				CLANG_WARN_INT_CONVERSION = YES;
				CLANG_WARN__DUPLICATE_METHOD_MATCH = YES;
				GCC_C_LANGUAGE_STANDARD = c99;
				GCC_THUMB_SUPPORT = NO;
				GCC_VERSION = "";
				GCC_WARN_ABOUT_RETURN_TYPE = YES;
				GCC_WARN_UNDECLARED_SELECTOR = YES;
				GCC_WARN_UNINITIALIZED_AUTOS = YES;
				GCC_WARN_UNUSED_FUNCTION = YES;
				GCC_WARN_UNUSED_VARIABLE = YES;
				ONLY_ACTIVE_ARCH = YES;
				SDKROOT = iphoneos;
				SKIP_INSTALL = NO;
			};
			name = Debug;
		};
		C01FCF5008A954540054247B /* Release */ = {
			isa = XCBuildConfiguration;
			baseConfigurationReference = 3047A5111AB8059700498E2A /* build.xcconfig */;
			buildSettings = {
				ASSETCATALOG_COMPILER_LAUNCHIMAGE_NAME = LaunchImage;
				CLANG_ENABLE_MODULES = YES;
				CLANG_ENABLE_OBJC_ARC = YES;
				CLANG_WARN_BOOL_CONVERSION = YES;
				CLANG_WARN_CONSTANT_CONVERSION = YES;
				CLANG_WARN_EMPTY_BODY = YES;
				CLANG_WARN_ENUM_CONVERSION = YES;
				CLANG_WARN_INT_CONVERSION = YES;
				CLANG_WARN__DUPLICATE_METHOD_MATCH = YES;
				GCC_C_LANGUAGE_STANDARD = c99;
				GCC_THUMB_SUPPORT = NO;
				GCC_VERSION = "";
				GCC_WARN_ABOUT_RETURN_TYPE = YES;
				GCC_WARN_UNDECLARED_SELECTOR = YES;
				GCC_WARN_UNINITIALIZED_AUTOS = YES;
				GCC_WARN_UNUSED_FUNCTION = YES;
				GCC_WARN_UNUSED_VARIABLE = YES;
				SDKROOT = iphoneos;
				SKIP_INSTALL = NO;
			};
			name = Release;
		};
/* End XCBuildConfiguration section */

/* Begin XCConfigurationList section */
		1D6058960D05DD3E006BFB54 /* Build configuration list for PBXNativeTarget "csps-e-course" */ = {
			isa = XCConfigurationList;
			buildConfigurations = (
				1D6058940D05DD3E006BFB54 /* Debug */,
				1D6058950D05DD3E006BFB54 /* Release */,
			);
			defaultConfigurationIsVisible = 0;
			defaultConfigurationName = Release;
		};
		C01FCF4E08A954540054247B /* Build configuration list for PBXProject "csps-e-course" */ = {
			isa = XCConfigurationList;
			buildConfigurations = (
				C01FCF4F08A954540054247B /* Debug */,
				C01FCF5008A954540054247B /* Release */,
			);
			defaultConfigurationIsVisible = 0;
			defaultConfigurationName = Release;
		};
/* End XCConfigurationList section */
	};
	rootObject = 29B97313FDCFA39411CA2CEA /* Project object */;
}
